
Microsoft Visual Studio Solution File, Format Version 11.00
# Visual Studio Version 16
Project("{8BC9CEB8-8B4A-11D0-8D11-00A0C91BC942}") = "3d", "3d.vcxproj", "{7E0F5B7D-2CC2-4489-8BC1-9E1382C89F18}"
EndProject
Project("{8BC9CEB8-8B4A-11D0-8D11-00A0C91BC942}") = "asyncio", "asyncio.vcxproj", "{21B45B41-BFB3-4A4B-9E0E-D3C2F1CA4EE6}"
EndProject
Project("{8BC9CEB8-8B4A-11D0-8D11-00A0C91BC942}") = "channel_groups", "channel_groups.vcxproj", "{693FB910-51AF-491B-B145-3C8A516EE338}"
EndProject
Project("{8BC9CEB8-8B4A-11D0-8D11-00A0C91BC942}") = "convolution_reverb", "convolution_reverb.vcxproj", "{C91FCEA0-AEAC-4E5B-8411-6C9BCC225D20}"
EndProject
Project("{8BC9CEB8-8B4A-11D0-8D11-00A0C91BC942}") = "dsp_custom", "dsp_custom.vcxproj", "{BE757130-6BCD-4C66-960A-B0918F1D4AEA}"
EndProject
Project("{8BC9CEB8-8B4A-11D0-8D11-00A0C91BC942}") = "dsp_effect_per_speaker", "dsp_effect_per_speaker.vcxproj", "{D81E696B-398C-41BC-9E79-ECFC4D569CCD}"
EndProject
Project("{8BC9CEB8-8B4A-11D0-8D11-00A0C91BC942}") = "dsp_inspector", "dsp_inspector.vcxproj", "{D598E939-8287-4BBB-BDAB-04F2364670FD}"
EndProject
Project("{8BC9CEB8-8B4A-11D0-8D11-00A0C91BC942}") = "effects", "effects.vcxproj", "{12D6D25A-673A-4657-A341-AF77468267AD}"
EndProject
Project("{8BC9CEB8-8B4A-11D0-8D11-00A0C91BC942}") = "gapless_playback", "gapless_playback.vcxproj", "{3675FD37-7164-49A1-81FA-CE3A4370A46E}"
EndProject
Project("{8BC9CEB8-8B4A-11D0-8D11-00A0C91BC942}") = "generate_tone", "generate_tone.vcxproj", "{B0941639-B7F2-46FE-941F-C61F1FD3C975}"
EndProject
Project("{8BC9CEB8-8B4A-11D0-8D11-00A0C91BC942}") = "granular_synth", "granular_synth.vcxproj", "{CA33786A-2CD3-42B0-8904-CC889129B3D9}"
EndProject
Project("{8BC9CEB8-8B4A-11D0-8D11-00A0C91BC942}") = "load_from_memory", "load_from_memory.vcxproj", "{79CE6E43-EA97-4FB0-A5C7-1DB4E70CBE51}"
EndProject
Project("{8BC9CEB8-8B4A-11D0-8D11-00A0C91BC942}") = "multiple_speaker", "multiple_speaker.vcxproj", "{9CD8FBAF-2719-4678-8779-7521D5459462}"
EndProject
Project("{8BC9CEB8-8B4A-11D0-8D11-00A0C91BC942}") = "multiple_system", "multiple_system.vcxproj", "{6ABEA50E-D086-4DA5-9529-5B6277602367}"
EndProject
Project("{8BC9CEB8-8B4A-11D0-8D11-00A0C91BC942}") = "net_stream", "net_stream.vcxproj", "{B588D8C2-C8DB-4AEE-8108-CF64142CF415}"
EndProject
Project("{8BC9CEB8-8B4A-11D0-8D11-00A0C91BC942}") = "play_sound", "play_sound.vcxproj", "{617C8CE5-0F42-40E5-946A-D726858FBA42}"
EndProject
Project("{8BC9CEB8-8B4A-11D0-8D11-00A0C91BC942}") = "play_stream", "play_stream.vcxproj", "{5A6C4DE1-58AE-43B4-AF6C-051864822930}"
EndProject
Project("{8BC9CEB8-8B4A-11D0-8D11-00A0C91BC942}") = "record", "record.vcxproj", "{22BD400A-02EF-42F8-A7A7-0CF131765511}"
EndProject
Project("{8BC9CEB8-8B4A-11D0-8D11-00A0C91BC942}") = "record_enumeration", "record_enumeration.vcxproj", "{49D06240-2A42-49D1-A01B-D2D059D18AFA}"
EndProject
Project("{8BC9CEB8-8B4A-11D0-8D11-00A0C91BC942}") = "user_created_sound", "user_created_sound.vcxproj", "{DEE6C68D-431A-4D8A-9A51-E408237B3D04}"
EndProject
Project("{8BC9CEB8-8B4A-11D0-8D11-00A0C91BC942}") = "fmod_codec_raw", "fmod_codec_raw.vcxproj", "{BA277C77-EE42-4496-BA90-DF04CC3A81A7}"
EndProject
Project("{8BC9CEB8-8B4A-11D0-8D11-00A0C91BC942}") = "fmod_distance_filter", "fmod_distance_filter.vcxproj", "{89029C31-5C7A-43CF-8683-DAAE251EB484}"
EndProject
Project("{8BC9CEB8-8B4A-11D0-8D11-00A0C91BC942}") = "fmod_gain", "fmod_gain.vcxproj", "{A294249F-2308-4122-8F99-AD54FCBDB876}"
EndProject
Project("{8BC9CEB8-8B4A-11D0-8D11-00A0C91BC942}") = "fmod_noise", "fmod_noise.vcxproj", "{FD386229-DD86-4931-B8D1-0F8E3434B4AD}"
EndProject
Project("{8BC9CEB8-8B4A-11D0-8D11-00A0C91BC942}") = "fmod_rnbo", "fmod_rnbo.vcxproj", "{D1A5B2A9-5A16-415A-8394-B80B9CCB2AE5}"
EndProject
Project("{8BC9CEB8-8B4A-11D0-8D11-00A0C91BC942}") = "output_mp3", "output_mp3.vcxproj", "{E683B391-0C95-4CCF-AE71-BBFF8D45EA3F}"
EndProject
Global
	GlobalSection(SolutionConfigurationPlatforms) = preSolution
		Debug|Win32 = Debug|Win32
		Debug|x64 = Debug|x64
		Debug|ARM64 = Debug|ARM64
		Release|Win32 = Release|Win32
		Release|x64 = Release|x64
		Release|ARM64 = Release|ARM64
	EndGlobalSection
	GlobalSection(ProjectConfigurationPlatforms) = postSolution
		{7E0F5B7D-2CC2-4489-8BC1-9E1382C89F18}.Debug|Win32.ActiveCfg = Debug|Win32
		{7E0F5B7D-2CC2-4489-8BC1-9E1382C89F18}.Debug|Win32.Build.0 = Debug|Win32
		{7E0F5B7D-2CC2-4489-8BC1-9E1382C89F18}.Debug|Win32.Deploy.0 = Debug|Win32
		{7E0F5B7D-2CC2-4489-8BC1-9E1382C89F18}.Debug|x64.ActiveCfg = Debug|x64
		{7E0F5B7D-2CC2-4489-8BC1-9E1382C89F18}.Debug|x64.Build.0 = Debug|x64
		{7E0F5B7D-2CC2-4489-8BC1-9E1382C89F18}.Debug|x64.Deploy.0 = Debug|x64
		{7E0F5B7D-2CC2-4489-8BC1-9E1382C89F18}.Debug|ARM64.ActiveCfg = Debug|ARM64
		{7E0F5B7D-2CC2-4489-8BC1-9E1382C89F18}.Debug|ARM64.Build.0 = Debug|ARM64
		{7E0F5B7D-2CC2-4489-8BC1-9E1382C89F18}.Debug|ARM64.Deploy.0 = Debug|ARM64
		{7E0F5B7D-2CC2-4489-8BC1-9E1382C89F18}.Release|Win32.ActiveCfg = Release|Win32
		{7E0F5B7D-2CC2-4489-8BC1-9E1382C89F18}.Release|Win32.Build.0 = Release|Win32
		{7E0F5B7D-2CC2-4489-8BC1-9E1382C89F18}.Release|Win32.Deploy.0 = Release|Win32
		{7E0F5B7D-2CC2-4489-8BC1-9E1382C89F18}.Release|x64.ActiveCfg = Release|x64
		{7E0F5B7D-2CC2-4489-8BC1-9E1382C89F18}.Release|x64.Build.0 = Release|x64
		{7E0F5B7D-2CC2-4489-8BC1-9E1382C89F18}.Release|x64.Deploy.0 = Release|x64
		{7E0F5B7D-2CC2-4489-8BC1-9E1382C89F18}.Release|ARM64.ActiveCfg = Release|ARM64
		{7E0F5B7D-2CC2-4489-8BC1-9E1382C89F18}.Release|ARM64.Build.0 = Release|ARM64
		{7E0F5B7D-2CC2-4489-8BC1-9E1382C89F18}.Release|ARM64.Deploy.0 = Release|ARM64
		{21B45B41-BFB3-4A4B-9E0E-D3C2F1CA4EE6}.Debug|Win32.ActiveCfg = Debug|Win32
		{21B45B41-BFB3-4A4B-9E0E-D3C2F1CA4EE6}.Debug|Win32.Build.0 = Debug|Win32
		{21B45B41-BFB3-4A4B-9E0E-D3C2F1CA4EE6}.Debug|Win32.Deploy.0 = Debug|Win32
		{21B45B41-BFB3-4A4B-9E0E-D3C2F1CA4EE6}.Debug|x64.ActiveCfg = Debug|x64
		{21B45B41-BFB3-4A4B-9E0E-D3C2F1CA4EE6}.Debug|x64.Build.0 = Debug|x64
		{21B45B41-BFB3-4A4B-9E0E-D3C2F1CA4EE6}.Debug|x64.Deploy.0 = Debug|x64
		{21B45B41-BFB3-4A4B-9E0E-D3C2F1CA4EE6}.Debug|ARM64.ActiveCfg = Debug|ARM64
		{21B45B41-BFB3-4A4B-9E0E-D3C2F1CA4EE6}.Debug|ARM64.Build.0 = Debug|ARM64
		{21B45B41-BFB3-4A4B-9E0E-D3C2F1CA4EE6}.Debug|ARM64.Deploy.0 = Debug|ARM64
		{21B45B41-BFB3-4A4B-9E0E-D3C2F1CA4EE6}.Release|Win32.ActiveCfg = Release|Win32
		{21B45B41-BFB3-4A4B-9E0E-D3C2F1CA4EE6}.Release|Win32.Build.0 = Release|Win32
		{21B45B41-BFB3-4A4B-9E0E-D3C2F1CA4EE6}.Release|Win32.Deploy.0 = Release|Win32
		{21B45B41-BFB3-4A4B-9E0E-D3C2F1CA4EE6}.Release|x64.ActiveCfg = Release|x64
		{21B45B41-BFB3-4A4B-9E0E-D3C2F1CA4EE6}.Release|x64.Build.0 = Release|x64
		{21B45B41-BFB3-4A4B-9E0E-D3C2F1CA4EE6}.Release|x64.Deploy.0 = Release|x64
		{21B45B41-BFB3-4A4B-9E0E-D3C2F1CA4EE6}.Release|ARM64.ActiveCfg = Release|ARM64
		{21B45B41-BFB3-4A4B-9E0E-D3C2F1CA4EE6}.Release|ARM64.Build.0 = Release|ARM64
		{21B45B41-BFB3-4A4B-9E0E-D3C2F1CA4EE6}.Release|ARM64.Deploy.0 = Release|ARM64
		{693FB910-51AF-491B-B145-3C8A516EE338}.Debug|Win32.ActiveCfg = Debug|Win32
		{693FB910-51AF-491B-B145-3C8A516EE338}.Debug|Win32.Build.0 = Debug|Win32
		{693FB910-51AF-491B-B145-3C8A516EE338}.Debug|Win32.Deploy.0 = Debug|Win32
		{693FB910-51AF-491B-B145-3C8A516EE338}.Debug|x64.ActiveCfg = Debug|x64
		{693FB910-51AF-491B-B145-3C8A516EE338}.Debug|x64.Build.0 = Debug|x64
		{693FB910-51AF-491B-B145-3C8A516EE338}.Debug|x64.Deploy.0 = Debug|x64
		{693FB910-51AF-491B-B145-3C8A516EE338}.Debug|ARM64.ActiveCfg = Debug|ARM64
		{693FB910-51AF-491B-B145-3C8A516EE338}.Debug|ARM64.Build.0 = Debug|ARM64
		{693FB910-51AF-491B-B145-3C8A516EE338}.Debug|ARM64.Deploy.0 = Debug|ARM64
		{693FB910-51AF-491B-B145-3C8A516EE338}.Release|Win32.ActiveCfg = Release|Win32
		{693FB910-51AF-491B-B145-3C8A516EE338}.Release|Win32.Build.0 = Release|Win32
		{693FB910-51AF-491B-B145-3C8A516EE338}.Release|Win32.Deploy.0 = Release|Win32
		{693FB910-51AF-491B-B145-3C8A516EE338}.Release|x64.ActiveCfg = Release|x64
		{693FB910-51AF-491B-B145-3C8A516EE338}.Release|x64.Build.0 = Release|x64
		{693FB910-51AF-491B-B145-3C8A516EE338}.Release|x64.Deploy.0 = Release|x64
		{693FB910-51AF-491B-B145-3C8A516EE338}.Release|ARM64.ActiveCfg = Release|ARM64
		{693FB910-51AF-491B-B145-3C8A516EE338}.Release|ARM64.Build.0 = Release|ARM64
		{693FB910-51AF-491B-B145-3C8A516EE338}.Release|ARM64.Deploy.0 = Release|ARM64
		{C91FCEA0-AEAC-4E5B-8411-6C9BCC225D20}.Debug|Win32.ActiveCfg = Debug|Win32
		{C91FCEA0-AEAC-4E5B-8411-6C9BCC225D20}.Debug|Win32.Build.0 = Debug|Win32
		{C91FCEA0-AEAC-4E5B-8411-6C9BCC225D20}.Debug|Win32.Deploy.0 = Debug|Win32
		{C91FCEA0-AEAC-4E5B-8411-6C9BCC225D20}.Debug|x64.ActiveCfg = Debug|x64
		{C91FCEA0-AEAC-4E5B-8411-6C9BCC225D20}.Debug|x64.Build.0 = Debug|x64
		{C91FCEA0-AEAC-4E5B-8411-6C9BCC225D20}.Debug|x64.Deploy.0 = Debug|x64
		{C91FCEA0-AEAC-4E5B-8411-6C9BCC225D20}.Debug|ARM64.ActiveCfg = Debug|ARM64
		{C91FCEA0-AEAC-4E5B-8411-6C9BCC225D20}.Debug|ARM64.Build.0 = Debug|ARM64
		{C91FCEA0-AEAC-4E5B-8411-6C9BCC225D20}.Debug|ARM64.Deploy.0 = Debug|ARM64
		{C91FCEA0-AEAC-4E5B-8411-6C9BCC225D20}.Release|Win32.ActiveCfg = Release|Win32
		{C91FCEA0-AEAC-4E5B-8411-6C9BCC225D20}.Release|Win32.Build.0 = Release|Win32
		{C91FCEA0-AEAC-4E5B-8411-6C9BCC225D20}.Release|Win32.Deploy.0 = Release|Win32
		{C91FCEA0-AEAC-4E5B-8411-6C9BCC225D20}.Release|x64.ActiveCfg = Release|x64
		{C91FCEA0-AEAC-4E5B-8411-6C9BCC225D20}.Release|x64.Build.0 = Release|x64
		{C91FCEA0-AEAC-4E5B-8411-6C9BCC225D20}.Release|x64.Deploy.0 = Release|x64
		{C91FCEA0-AEAC-4E5B-8411-6C9BCC225D20}.Release|ARM64.ActiveCfg = Release|ARM64
		{C91FCEA0-AEAC-4E5B-8411-6C9BCC225D20}.Release|ARM64.Build.0 = Release|ARM64
		{C91FCEA0-AEAC-4E5B-8411-6C9BCC225D20}.Release|ARM64.Deploy.0 = Release|ARM64
		{BE757130-6BCD-4C66-960A-B0918F1D4AEA}.Debug|Win32.ActiveCfg = Debug|Win32
		{BE757130-6BCD-4C66-960A-B0918F1D4AEA}.Debug|Win32.Build.0 = Debug|Win32
		{BE757130-6BCD-4C66-960A-B0918F1D4AEA}.Debug|Win32.Deploy.0 = Debug|Win32
		{BE757130-6BCD-4C66-960A-B0918F1D4AEA}.Debug|x64.ActiveCfg = Debug|x64
		{BE757130-6BCD-4C66-960A-B0918F1D4AEA}.Debug|x64.Build.0 = Debug|x64
		{BE757130-6BCD-4C66-960A-B0918F1D4AEA}.Debug|x64.Deploy.0 = Debug|x64
		{BE757130-6BCD-4C66-960A-B0918F1D4AEA}.Debug|ARM64.ActiveCfg = Debug|ARM64
		{BE757130-6BCD-4C66-960A-B0918F1D4AEA}.Debug|ARM64.Build.0 = Debug|ARM64
		{BE757130-6BCD-4C66-960A-B0918F1D4AEA}.Debug|ARM64.Deploy.0 = Debug|ARM64
		{BE757130-6BCD-4C66-960A-B0918F1D4AEA}.Release|Win32.ActiveCfg = Release|Win32
		{BE757130-6BCD-4C66-960A-B0918F1D4AEA}.Release|Win32.Build.0 = Release|Win32
		{BE757130-6BCD-4C66-960A-B0918F1D4AEA}.Release|Win32.Deploy.0 = Release|Win32
		{BE757130-6BCD-4C66-960A-B0918F1D4AEA}.Release|x64.ActiveCfg = Release|x64
		{BE757130-6BCD-4C66-960A-B0918F1D4AEA}.Release|x64.Build.0 = Release|x64
		{BE757130-6BCD-4C66-960A-B0918F1D4AEA}.Release|x64.Deploy.0 = Release|x64
		{BE757130-6BCD-4C66-960A-B0918F1D4AEA}.Release|ARM64.ActiveCfg = Release|ARM64
		{BE757130-6BCD-4C66-960A-B0918F1D4AEA}.Release|ARM64.Build.0 = Release|ARM64
		{BE757130-6BCD-4C66-960A-B0918F1D4AEA}.Release|ARM64.Deploy.0 = Release|ARM64
		{D81E696B-398C-41BC-9E79-ECFC4D569CCD}.Debug|Win32.ActiveCfg = Debug|Win32
		{D81E696B-398C-41BC-9E79-ECFC4D569CCD}.Debug|Win32.Build.0 = Debug|Win32
		{D81E696B-398C-41BC-9E79-ECFC4D569CCD}.Debug|Win32.Deploy.0 = Debug|Win32
		{D81E696B-398C-41BC-9E79-ECFC4D569CCD}.Debug|x64.ActiveCfg = Debug|x64
		{D81E696B-398C-41BC-9E79-ECFC4D569CCD}.Debug|x64.Build.0 = Debug|x64
		{D81E696B-398C-41BC-9E79-ECFC4D569CCD}.Debug|x64.Deploy.0 = Debug|x64
		{D81E696B-398C-41BC-9E79-ECFC4D569CCD}.Debug|ARM64.ActiveCfg = Debug|ARM64
		{D81E696B-398C-41BC-9E79-ECFC4D569CCD}.Debug|ARM64.Build.0 = Debug|ARM64
		{D81E696B-398C-41BC-9E79-ECFC4D569CCD}.Debug|ARM64.Deploy.0 = Debug|ARM64
		{D81E696B-398C-41BC-9E79-ECFC4D569CCD}.Release|Win32.ActiveCfg = Release|Win32
		{D81E696B-398C-41BC-9E79-ECFC4D569CCD}.Release|Win32.Build.0 = Release|Win32
		{D81E696B-398C-41BC-9E79-ECFC4D569CCD}.Release|Win32.Deploy.0 = Release|Win32
		{D81E696B-398C-41BC-9E79-ECFC4D569CCD}.Release|x64.ActiveCfg = Release|x64
		{D81E696B-398C-41BC-9E79-ECFC4D569CCD}.Release|x64.Build.0 = Release|x64
		{D81E696B-398C-41BC-9E79-ECFC4D569CCD}.Release|x64.Deploy.0 = Release|x64
		{D81E696B-398C-41BC-9E79-ECFC4D569CCD}.Release|ARM64.ActiveCfg = Release|ARM64
		{D81E696B-398C-41BC-9E79-ECFC4D569CCD}.Release|ARM64.Build.0 = Release|ARM64
		{D81E696B-398C-41BC-9E79-ECFC4D569CCD}.Release|ARM64.Deploy.0 = Release|ARM64
		{D598E939-8287-4BBB-BDAB-04F2364670FD}.Debug|Win32.ActiveCfg = Debug|Win32
		{D598E939-8287-4BBB-BDAB-04F2364670FD}.Debug|Win32.Build.0 = Debug|Win32
		{D598E939-8287-4BBB-BDAB-04F2364670FD}.Debug|Win32.Deploy.0 = Debug|Win32
		{D598E939-8287-4BBB-BDAB-04F2364670FD}.Debug|x64.ActiveCfg = Debug|x64
		{D598E939-8287-4BBB-BDAB-04F2364670FD}.Debug|x64.Build.0 = Debug|x64
		{D598E939-8287-4BBB-BDAB-04F2364670FD}.Debug|x64.Deploy.0 = Debug|x64
		{D598E939-8287-4BBB-BDAB-04F2364670FD}.Debug|ARM64.ActiveCfg = Debug|ARM64
		{D598E939-8287-4BBB-BDAB-04F2364670FD}.Debug|ARM64.Build.0 = Debug|ARM64
		{D598E939-8287-4BBB-BDAB-04F2364670FD}.Debug|ARM64.Deploy.0 = Debug|ARM64
		{D598E939-8287-4BBB-BDAB-04F2364670FD}.Release|Win32.ActiveCfg = Release|Win32
		{D598E939-8287-4BBB-BDAB-04F2364670FD}.Release|Win32.Build.0 = Release|Win32
		{D598E939-8287-4BBB-BDAB-04F2364670FD}.Release|Win32.Deploy.0 = Release|Win32
		{D598E939-8287-4BBB-BDAB-04F2364670FD}.Release|x64.ActiveCfg = Release|x64
		{D598E939-8287-4BBB-BDAB-04F2364670FD}.Release|x64.Build.0 = Release|x64
		{D598E939-8287-4BBB-BDAB-04F2364670FD}.Release|x64.Deploy.0 = Release|x64
		{D598E939-8287-4BBB-BDAB-04F2364670FD}.Release|ARM64.ActiveCfg = Release|ARM64
		{D598E939-8287-4BBB-BDAB-04F2364670FD}.Release|ARM64.Build.0 = Release|ARM64
		{D598E939-8287-4BBB-BDAB-04F2364670FD}.Release|ARM64.Deploy.0 = Release|ARM64
		{12D6D25A-673A-4657-A341-AF77468267AD}.Debug|Win32.ActiveCfg = Debug|Win32
		{12D6D25A-673A-4657-A341-AF77468267AD}.Debug|Win32.Build.0 = Debug|Win32
		{12D6D25A-673A-4657-A341-AF77468267AD}.Debug|Win32.Deploy.0 = Debug|Win32
		{12D6D25A-673A-4657-A341-AF77468267AD}.Debug|x64.ActiveCfg = Debug|x64
		{12D6D25A-673A-4657-A341-AF77468267AD}.Debug|x64.Build.0 = Debug|x64
		{12D6D25A-673A-4657-A341-AF77468267AD}.Debug|x64.Deploy.0 = Debug|x64
		{12D6D25A-673A-4657-A341-AF77468267AD}.Debug|ARM64.ActiveCfg = Debug|ARM64
		{12D6D25A-673A-4657-A341-AF77468267AD}.Debug|ARM64.Build.0 = Debug|ARM64
		{12D6D25A-673A-4657-A341-AF77468267AD}.Debug|ARM64.Deploy.0 = Debug|ARM64
		{12D6D25A-673A-4657-A341-AF77468267AD}.Release|Win32.ActiveCfg = Release|Win32
		{12D6D25A-673A-4657-A341-AF77468267AD}.Release|Win32.Build.0 = Release|Win32
		{12D6D25A-673A-4657-A341-AF77468267AD}.Release|Win32.Deploy.0 = Release|Win32
		{12D6D25A-673A-4657-A341-AF77468267AD}.Release|x64.ActiveCfg = Release|x64
		{12D6D25A-673A-4657-A341-AF77468267AD}.Release|x64.Build.0 = Release|x64
		{12D6D25A-673A-4657-A341-AF77468267AD}.Release|x64.Deploy.0 = Release|x64
		{12D6D25A-673A-4657-A341-AF77468267AD}.Release|ARM64.ActiveCfg = Release|ARM64
		{12D6D25A-673A-4657-A341-AF77468267AD}.Release|ARM64.Build.0 = Release|ARM64
		{12D6D25A-673A-4657-A341-AF77468267AD}.Release|ARM64.Deploy.0 = Release|ARM64
		{3675FD37-7164-49A1-81FA-CE3A4370A46E}.Debug|Win32.ActiveCfg = Debug|Win32
		{3675FD37-7164-49A1-81FA-CE3A4370A46E}.Debug|Win32.Build.0 = Debug|Win32
		{3675FD37-7164-49A1-81FA-CE3A4370A46E}.Debug|Win32.Deploy.0 = Debug|Win32
		{3675FD37-7164-49A1-81FA-CE3A4370A46E}.Debug|x64.ActiveCfg = Debug|x64
		{3675FD37-7164-49A1-81FA-CE3A4370A46E}.Debug|x64.Build.0 = Debug|x64
		{3675FD37-7164-49A1-81FA-CE3A4370A46E}.Debug|x64.Deploy.0 = Debug|x64
		{3675FD37-7164-49A1-81FA-CE3A4370A46E}.Debug|ARM64.ActiveCfg = Debug|ARM64
		{3675FD37-7164-49A1-81FA-CE3A4370A46E}.Debug|ARM64.Build.0 = Debug|ARM64
		{3675FD37-7164-49A1-81FA-CE3A4370A46E}.Debug|ARM64.Deploy.0 = Debug|ARM64
		{3675FD37-7164-49A1-81FA-CE3A4370A46E}.Release|Win32.ActiveCfg = Release|Win32
		{3675FD37-7164-49A1-81FA-CE3A4370A46E}.Release|Win32.Build.0 = Release|Win32
		{3675FD37-7164-49A1-81FA-CE3A4370A46E}.Release|Win32.Deploy.0 = Release|Win32
		{3675FD37-7164-49A1-81FA-CE3A4370A46E}.Release|x64.ActiveCfg = Release|x64
		{3675FD37-7164-49A1-81FA-CE3A4370A46E}.Release|x64.Build.0 = Release|x64
		{3675FD37-7164-49A1-81FA-CE3A4370A46E}.Release|x64.Deploy.0 = Release|x64
		{3675FD37-7164-49A1-81FA-CE3A4370A46E}.Release|ARM64.ActiveCfg = Release|ARM64
		{3675FD37-7164-49A1-81FA-CE3A4370A46E}.Release|ARM64.Build.0 = Release|ARM64
		{3675FD37-7164-49A1-81FA-CE3A4370A46E}.Release|ARM64.Deploy.0 = Release|ARM64
		{B0941639-B7F2-46FE-941F-C61F1FD3C975}.Debug|Win32.ActiveCfg = Debug|Win32
		{B0941639-B7F2-46FE-941F-C61F1FD3C975}.Debug|Win32.Build.0 = Debug|Win32
		{B0941639-B7F2-46FE-941F-C61F1FD3C975}.Debug|Win32.Deploy.0 = Debug|Win32
		{B0941639-B7F2-46FE-941F-C61F1FD3C975}.Debug|x64.ActiveCfg = Debug|x64
		{B0941639-B7F2-46FE-941F-C61F1FD3C975}.Debug|x64.Build.0 = Debug|x64
		{B0941639-B7F2-46FE-941F-C61F1FD3C975}.Debug|x64.Deploy.0 = Debug|x64
		{B0941639-B7F2-46FE-941F-C61F1FD3C975}.Debug|ARM64.ActiveCfg = Debug|ARM64
		{B0941639-B7F2-46FE-941F-C61F1FD3C975}.Debug|ARM64.Build.0 = Debug|ARM64
		{B0941639-B7F2-46FE-941F-C61F1FD3C975}.Debug|ARM64.Deploy.0 = Debug|ARM64
		{B0941639-B7F2-46FE-941F-C61F1FD3C975}.Release|Win32.ActiveCfg = Release|Win32
		{B0941639-B7F2-46FE-941F-C61F1FD3C975}.Release|Win32.Build.0 = Release|Win32
		{B0941639-B7F2-46FE-941F-C61F1FD3C975}.Release|Win32.Deploy.0 = Release|Win32
		{B0941639-B7F2-46FE-941F-C61F1FD3C975}.Release|x64.ActiveCfg = Release|x64
		{B0941639-B7F2-46FE-941F-C61F1FD3C975}.Release|x64.Build.0 = Release|x64
		{B0941639-B7F2-46FE-941F-C61F1FD3C975}.Release|x64.Deploy.0 = Release|x64
		{B0941639-B7F2-46FE-941F-C61F1FD3C975}.Release|ARM64.ActiveCfg = Release|ARM64
		{B0941639-B7F2-46FE-941F-C61F1FD3C975}.Release|ARM64.Build.0 = Release|ARM64
		{B0941639-B7F2-46FE-941F-C61F1FD3C975}.Release|ARM64.Deploy.0 = Release|ARM64
		{CA33786A-2CD3-42B0-8904-CC889129B3D9}.Debug|Win32.ActiveCfg = Debug|Win32
		{CA33786A-2CD3-42B0-8904-CC889129B3D9}.Debug|Win32.Build.0 = Debug|Win32
		{CA33786A-2CD3-42B0-8904-CC889129B3D9}.Debug|Win32.Deploy.0 = Debug|Win32
		{CA33786A-2CD3-42B0-8904-CC889129B3D9}.Debug|x64.ActiveCfg = Debug|x64
		{CA33786A-2CD3-42B0-8904-CC889129B3D9}.Debug|x64.Build.0 = Debug|x64
		{CA33786A-2CD3-42B0-8904-CC889129B3D9}.Debug|x64.Deploy.0 = Debug|x64
		{CA33786A-2CD3-42B0-8904-CC889129B3D9}.Debug|ARM64.ActiveCfg = Debug|ARM64
		{CA33786A-2CD3-42B0-8904-CC889129B3D9}.Debug|ARM64.Build.0 = Debug|ARM64
		{CA33786A-2CD3-42B0-8904-CC889129B3D9}.Debug|ARM64.Deploy.0 = Debug|ARM64
		{CA33786A-2CD3-42B0-8904-CC889129B3D9}.Release|Win32.ActiveCfg = Release|Win32
		{CA33786A-2CD3-42B0-8904-CC889129B3D9}.Release|Win32.Build.0 = Release|Win32
		{CA33786A-2CD3-42B0-8904-CC889129B3D9}.Release|Win32.Deploy.0 = Release|Win32
		{CA33786A-2CD3-42B0-8904-CC889129B3D9}.Release|x64.ActiveCfg = Release|x64
		{CA33786A-2CD3-42B0-8904-CC889129B3D9}.Release|x64.Build.0 = Release|x64
		{CA33786A-2CD3-42B0-8904-CC889129B3D9}.Release|x64.Deploy.0 = Release|x64
		{CA33786A-2CD3-42B0-8904-CC889129B3D9}.Release|ARM64.ActiveCfg = Release|ARM64
		{CA33786A-2CD3-42B0-8904-CC889129B3D9}.Release|ARM64.Build.0 = Release|ARM64
		{CA33786A-2CD3-42B0-8904-CC889129B3D9}.Release|ARM64.Deploy.0 = Release|ARM64
		{79CE6E43-EA97-4FB0-A5C7-1DB4E70CBE51}.Debug|Win32.ActiveCfg = Debug|Win32
		{79CE6E43-EA97-4FB0-A5C7-1DB4E70CBE51}.Debug|Win32.Build.0 = Debug|Win32
		{79CE6E43-EA97-4FB0-A5C7-1DB4E70CBE51}.Debug|Win32.Deploy.0 = Debug|Win32
		{79CE6E43-EA97-4FB0-A5C7-1DB4E70CBE51}.Debug|x64.ActiveCfg = Debug|x64
		{79CE6E43-EA97-4FB0-A5C7-1DB4E70CBE51}.Debug|x64.Build.0 = Debug|x64
		{79CE6E43-EA97-4FB0-A5C7-1DB4E70CBE51}.Debug|x64.Deploy.0 = Debug|x64
		{79CE6E43-EA97-4FB0-A5C7-1DB4E70CBE51}.Debug|ARM64.ActiveCfg = Debug|ARM64
		{79CE6E43-EA97-4FB0-A5C7-1DB4E70CBE51}.Debug|ARM64.Build.0 = Debug|ARM64
		{79CE6E43-EA97-4FB0-A5C7-1DB4E70CBE51}.Debug|ARM64.Deploy.0 = Debug|ARM64
		{79CE6E43-EA97-4FB0-A5C7-1DB4E70CBE51}.Release|Win32.ActiveCfg = Release|Win32
		{79CE6E43-EA97-4FB0-A5C7-1DB4E70CBE51}.Release|Win32.Build.0 = Release|Win32
		{79CE6E43-EA97-4FB0-A5C7-1DB4E70CBE51}.Release|Win32.Deploy.0 = Release|Win32
		{79CE6E43-EA97-4FB0-A5C7-1DB4E70CBE51}.Release|x64.ActiveCfg = Release|x64
		{79CE6E43-EA97-4FB0-A5C7-1DB4E70CBE51}.Release|x64.Build.0 = Release|x64
		{79CE6E43-EA97-4FB0-A5C7-1DB4E70CBE51}.Release|x64.Deploy.0 = Release|x64
		{79CE6E43-EA97-4FB0-A5C7-1DB4E70CBE51}.Release|ARM64.ActiveCfg = Release|ARM64
		{79CE6E43-EA97-4FB0-A5C7-1DB4E70CBE51}.Release|ARM64.Build.0 = Release|ARM64
		{79CE6E43-EA97-4FB0-A5C7-1DB4E70CBE51}.Release|ARM64.Deploy.0 = Release|ARM64
		{9CD8FBAF-2719-4678-8779-7521D5459462}.Debug|Win32.ActiveCfg = Debug|Win32
		{9CD8FBAF-2719-4678-8779-7521D5459462}.Debug|Win32.Build.0 = Debug|Win32
		{9CD8FBAF-2719-4678-8779-7521D5459462}.Debug|Win32.Deploy.0 = Debug|Win32
		{9CD8FBAF-2719-4678-8779-7521D5459462}.Debug|x64.ActiveCfg = Debug|x64
		{9CD8FBAF-2719-4678-8779-7521D5459462}.Debug|x64.Build.0 = Debug|x64
		{9CD8FBAF-2719-4678-8779-7521D5459462}.Debug|x64.Deploy.0 = Debug|x64
		{9CD8FBAF-2719-4678-8779-7521D5459462}.Debug|ARM64.ActiveCfg = Debug|ARM64
		{9CD8FBAF-2719-4678-8779-7521D5459462}.Debug|ARM64.Build.0 = Debug|ARM64
		{9CD8FBAF-2719-4678-8779-7521D5459462}.Debug|ARM64.Deploy.0 = Debug|ARM64
		{9CD8FBAF-2719-4678-8779-7521D5459462}.Release|Win32.ActiveCfg = Release|Win32
		{9CD8FBAF-2719-4678-8779-7521D5459462}.Release|Win32.Build.0 = Release|Win32
		{9CD8FBAF-2719-4678-8779-7521D5459462}.Release|Win32.Deploy.0 = Release|Win32
		{9CD8FBAF-2719-4678-8779-7521D5459462}.Release|x64.ActiveCfg = Release|x64
		{9CD8FBAF-2719-4678-8779-7521D5459462}.Release|x64.Build.0 = Release|x64
		{9CD8FBAF-2719-4678-8779-7521D5459462}.Release|x64.Deploy.0 = Release|x64
		{9CD8FBAF-2719-4678-8779-7521D5459462}.Release|ARM64.ActiveCfg = Release|ARM64
		{9CD8FBAF-2719-4678-8779-7521D5459462}.Release|ARM64.Build.0 = Release|ARM64
		{9CD8FBAF-2719-4678-8779-7521D5459462}.Release|ARM64.Deploy.0 = Release|ARM64
		{6ABEA50E-D086-4DA5-9529-5B6277602367}.Debug|Win32.ActiveCfg = Debug|Win32
		{6ABEA50E-D086-4DA5-9529-5B6277602367}.Debug|Win32.Build.0 = Debug|Win32
		{6ABEA50E-D086-4DA5-9529-5B6277602367}.Debug|Win32.Deploy.0 = Debug|Win32
		{6ABEA50E-D086-4DA5-9529-5B6277602367}.Debug|x64.ActiveCfg = Debug|x64
		{6ABEA50E-D086-4DA5-9529-5B6277602367}.Debug|x64.Build.0 = Debug|x64
		{6ABEA50E-D086-4DA5-9529-5B6277602367}.Debug|x64.Deploy.0 = Debug|x64
		{6ABEA50E-D086-4DA5-9529-5B6277602367}.Debug|ARM64.ActiveCfg = Debug|ARM64
		{6ABEA50E-D086-4DA5-9529-5B6277602367}.Debug|ARM64.Build.0 = Debug|ARM64
		{6ABEA50E-D086-4DA5-9529-5B6277602367}.Debug|ARM64.Deploy.0 = Debug|ARM64
		{6ABEA50E-D086-4DA5-9529-5B6277602367}.Release|Win32.ActiveCfg = Release|Win32
		{6ABEA50E-D086-4DA5-9529-5B6277602367}.Release|Win32.Build.0 = Release|Win32
		{6ABEA50E-D086-4DA5-9529-5B6277602367}.Release|Win32.Deploy.0 = Release|Win32
		{6ABEA50E-D086-4DA5-9529-5B6277602367}.Release|x64.ActiveCfg = Release|x64
		{6ABEA50E-D086-4DA5-9529-5B6277602367}.Release|x64.Build.0 = Release|x64
		{6ABEA50E-D086-4DA5-9529-5B6277602367}.Release|x64.Deploy.0 = Release|x64
		{6ABEA50E-D086-4DA5-9529-5B6277602367}.Release|ARM64.ActiveCfg = Release|ARM64
		{6ABEA50E-D086-4DA5-9529-5B6277602367}.Release|ARM64.Build.0 = Release|ARM64
		{6ABEA50E-D086-4DA5-9529-5B6277602367}.Release|ARM64.Deploy.0 = Release|ARM64
		{B588D8C2-C8DB-4AEE-8108-CF64142CF415}.Debug|Win32.ActiveCfg = Debug|Win32
		{B588D8C2-C8DB-4AEE-8108-CF64142CF415}.Debug|Win32.Build.0 = Debug|Win32
		{B588D8C2-C8DB-4AEE-8108-CF64142CF415}.Debug|Win32.Deploy.0 = Debug|Win32
		{B588D8C2-C8DB-4AEE-8108-CF64142CF415}.Debug|x64.ActiveCfg = Debug|x64
		{B588D8C2-C8DB-4AEE-8108-CF64142CF415}.Debug|x64.Build.0 = Debug|x64
		{B588D8C2-C8DB-4AEE-8108-CF64142CF415}.Debug|x64.Deploy.0 = Debug|x64
		{B588D8C2-C8DB-4AEE-8108-CF64142CF415}.Debug|ARM64.ActiveCfg = Debug|ARM64
		{B588D8C2-C8DB-4AEE-8108-CF64142CF415}.Debug|ARM64.Build.0 = Debug|ARM64
		{B588D8C2-C8DB-4AEE-8108-CF64142CF415}.Debug|ARM64.Deploy.0 = Debug|ARM64
		{B588D8C2-C8DB-4AEE-8108-CF64142CF415}.Release|Win32.ActiveCfg = Release|Win32
		{B588D8C2-C8DB-4AEE-8108-CF64142CF415}.Release|Win32.Build.0 = Release|Win32
		{B588D8C2-C8DB-4AEE-8108-CF64142CF415}.Release|Win32.Deploy.0 = Release|Win32
		{B588D8C2-C8DB-4AEE-8108-CF64142CF415}.Release|x64.ActiveCfg = Release|x64
		{B588D8C2-C8DB-4AEE-8108-CF64142CF415}.Release|x64.Build.0 = Release|x64
		{B588D8C2-C8DB-4AEE-8108-CF64142CF415}.Release|x64.Deploy.0 = Release|x64
		{B588D8C2-C8DB-4AEE-8108-CF64142CF415}.Release|ARM64.ActiveCfg = Release|ARM64
		{B588D8C2-C8DB-4AEE-8108-CF64142CF415}.Release|ARM64.Build.0 = Release|ARM64
		{B588D8C2-C8DB-4AEE-8108-CF64142CF415}.Release|ARM64.Deploy.0 = Release|ARM64
		{617C8CE5-0F42-40E5-946A-D726858FBA42}.Debug|Win32.ActiveCfg = Debug|Win32
		{617C8CE5-0F42-40E5-946A-D726858FBA42}.Debug|Win32.Build.0 = Debug|Win32
		{617C8CE5-0F42-40E5-946A-D726858FBA42}.Debug|Win32.Deploy.0 = Debug|Win32
		{617C8CE5-0F42-40E5-946A-D726858FBA42}.Debug|x64.ActiveCfg = Debug|x64
		{617C8CE5-0F42-40E5-946A-D726858FBA42}.Debug|x64.Build.0 = Debug|x64
		{617C8CE5-0F42-40E5-946A-D726858FBA42}.Debug|x64.Deploy.0 = Debug|x64
		{617C8CE5-0F42-40E5-946A-D726858FBA42}.Debug|ARM64.ActiveCfg = Debug|ARM64
		{617C8CE5-0F42-40E5-946A-D726858FBA42}.Debug|ARM64.Build.0 = Debug|ARM64
		{617C8CE5-0F42-40E5-946A-D726858FBA42}.Debug|ARM64.Deploy.0 = Debug|ARM64
		{617C8CE5-0F42-40E5-946A-D726858FBA42}.Release|Win32.ActiveCfg = Release|Win32
		{617C8CE5-0F42-40E5-946A-D726858FBA42}.Release|Win32.Build.0 = Release|Win32
		{617C8CE5-0F42-40E5-946A-D726858FBA42}.Release|Win32.Deploy.0 = Release|Win32
		{617C8CE5-0F42-40E5-946A-D726858FBA42}.Release|x64.ActiveCfg = Release|x64
		{617C8CE5-0F42-40E5-946A-D726858FBA42}.Release|x64.Build.0 = Release|x64
		{617C8CE5-0F42-40E5-946A-D726858FBA42}.Release|x64.Deploy.0 = Release|x64
		{617C8CE5-0F42-40E5-946A-D726858FBA42}.Release|ARM64.ActiveCfg = Release|ARM64
		{617C8CE5-0F42-40E5-946A-D726858FBA42}.Release|ARM64.Build.0 = Release|ARM64
		{617C8CE5-0F42-40E5-946A-D726858FBA42}.Release|ARM64.Deploy.0 = Release|ARM64
		{5A6C4DE1-58AE-43B4-AF6C-051864822930}.Debug|Win32.ActiveCfg = Debug|Win32
		{5A6C4DE1-58AE-43B4-AF6C-051864822930}.Debug|Win32.Build.0 = Debug|Win32
		{5A6C4DE1-58AE-43B4-AF6C-051864822930}.Debug|Win32.Deploy.0 = Debug|Win32
		{5A6C4DE1-58AE-43B4-AF6C-051864822930}.Debug|x64.ActiveCfg = Debug|x64
		{5A6C4DE1-58AE-43B4-AF6C-051864822930}.Debug|x64.Build.0 = Debug|x64
		{5A6C4DE1-58AE-43B4-AF6C-051864822930}.Debug|x64.Deploy.0 = Debug|x64
		{5A6C4DE1-58AE-43B4-AF6C-051864822930}.Debug|ARM64.ActiveCfg = Debug|ARM64
		{5A6C4DE1-58AE-43B4-AF6C-051864822930}.Debug|ARM64.Build.0 = Debug|ARM64
		{5A6C4DE1-58AE-43B4-AF6C-051864822930}.Debug|ARM64.Deploy.0 = Debug|ARM64
		{5A6C4DE1-58AE-43B4-AF6C-051864822930}.Release|Win32.ActiveCfg = Release|Win32
		{5A6C4DE1-58AE-43B4-AF6C-051864822930}.Release|Win32.Build.0 = Release|Win32
		{5A6C4DE1-58AE-43B4-AF6C-051864822930}.Release|Win32.Deploy.0 = Release|Win32
		{5A6C4DE1-58AE-43B4-AF6C-051864822930}.Release|x64.ActiveCfg = Release|x64
		{5A6C4DE1-58AE-43B4-AF6C-051864822930}.Release|x64.Build.0 = Release|x64
		{5A6C4DE1-58AE-43B4-AF6C-051864822930}.Release|x64.Deploy.0 = Release|x64
		{5A6C4DE1-58AE-43B4-AF6C-051864822930}.Release|ARM64.ActiveCfg = Release|ARM64
		{5A6C4DE1-58AE-43B4-AF6C-051864822930}.Release|ARM64.Build.0 = Release|ARM64
		{5A6C4DE1-58AE-43B4-AF6C-051864822930}.Release|ARM64.Deploy.0 = Release|ARM64
		{22BD400A-02EF-42F8-A7A7-0CF131765511}.Debug|Win32.ActiveCfg = Debug|Win32
		{22BD400A-02EF-42F8-A7A7-0CF131765511}.Debug|Win32.Build.0 = Debug|Win32
		{22BD400A-02EF-42F8-A7A7-0CF131765511}.Debug|Win32.Deploy.0 = Debug|Win32
		{22BD400A-02EF-42F8-A7A7-0CF131765511}.Debug|x64.ActiveCfg = Debug|x64
		{22BD400A-02EF-42F8-A7A7-0CF131765511}.Debug|x64.Build.0 = Debug|x64
		{22BD400A-02EF-42F8-A7A7-0CF131765511}.Debug|x64.Deploy.0 = Debug|x64
		{22BD400A-02EF-42F8-A7A7-0CF131765511}.Debug|ARM64.ActiveCfg = Debug|ARM64
		{22BD400A-02EF-42F8-A7A7-0CF131765511}.Debug|ARM64.Build.0 = Debug|ARM64
		{22BD400A-02EF-42F8-A7A7-0CF131765511}.Debug|ARM64.Deploy.0 = Debug|ARM64
		{22BD400A-02EF-42F8-A7A7-0CF131765511}.Release|Win32.ActiveCfg = Release|Win32
		{22BD400A-02EF-42F8-A7A7-0CF131765511}.Release|Win32.Build.0 = Release|Win32
		{22BD400A-02EF-42F8-A7A7-0CF131765511}.Release|Win32.Deploy.0 = Release|Win32
		{22BD400A-02EF-42F8-A7A7-0CF131765511}.Release|x64.ActiveCfg = Release|x64
		{22BD400A-02EF-42F8-A7A7-0CF131765511}.Release|x64.Build.0 = Release|x64
		{22BD400A-02EF-42F8-A7A7-0CF131765511}.Release|x64.Deploy.0 = Release|x64
		{22BD400A-02EF-42F8-A7A7-0CF131765511}.Release|ARM64.ActiveCfg = Release|ARM64
		{22BD400A-02EF-42F8-A7A7-0CF131765511}.Release|ARM64.Build.0 = Release|ARM64
		{22BD400A-02EF-42F8-A7A7-0CF131765511}.Release|ARM64.Deploy.0 = Release|ARM64
		{49D06240-2A42-49D1-A01B-D2D059D18AFA}.Debug|Win32.ActiveCfg = Debug|Win32
		{49D06240-2A42-49D1-A01B-D2D059D18AFA}.Debug|Win32.Build.0 = Debug|Win32
		{49D06240-2A42-49D1-A01B-D2D059D18AFA}.Debug|Win32.Deploy.0 = Debug|Win32
		{49D06240-2A42-49D1-A01B-D2D059D18AFA}.Debug|x64.ActiveCfg = Debug|x64
		{49D06240-2A42-49D1-A01B-D2D059D18AFA}.Debug|x64.Build.0 = Debug|x64
		{49D06240-2A42-49D1-A01B-D2D059D18AFA}.Debug|x64.Deploy.0 = Debug|x64
		{49D06240-2A42-49D1-A01B-D2D059D18AFA}.Debug|ARM64.ActiveCfg = Debug|ARM64
		{49D06240-2A42-49D1-A01B-D2D059D18AFA}.Debug|ARM64.Build.0 = Debug|ARM64
		{49D06240-2A42-49D1-A01B-D2D059D18AFA}.Debug|ARM64.Deploy.0 = Debug|ARM64
		{49D06240-2A42-49D1-A01B-D2D059D18AFA}.Release|Win32.ActiveCfg = Release|Win32
		{49D06240-2A42-49D1-A01B-D2D059D18AFA}.Release|Win32.Build.0 = Release|Win32
		{49D06240-2A42-49D1-A01B-D2D059D18AFA}.Release|Win32.Deploy.0 = Release|Win32
		{49D06240-2A42-49D1-A01B-D2D059D18AFA}.Release|x64.ActiveCfg = Release|x64
		{49D06240-2A42-49D1-A01B-D2D059D18AFA}.Release|x64.Build.0 = Release|x64
		{49D06240-2A42-49D1-A01B-D2D059D18AFA}.Release|x64.Deploy.0 = Release|x64
		{49D06240-2A42-49D1-A01B-D2D059D18AFA}.Release|ARM64.ActiveCfg = Release|ARM64
		{49D06240-2A42-49D1-A01B-D2D059D18AFA}.Release|ARM64.Build.0 = Release|ARM64
		{49D06240-2A42-49D1-A01B-D2D059D18AFA}.Release|ARM64.Deploy.0 = Release|ARM64
		{DEE6C68D-431A-4D8A-9A51-E408237B3D04}.Debug|Win32.ActiveCfg = Debug|Win32
		{DEE6C68D-431A-4D8A-9A51-E408237B3D04}.Debug|Win32.Build.0 = Debug|Win32
		{DEE6C68D-431A-4D8A-9A51-E408237B3D04}.Debug|Win32.Deploy.0 = Debug|Win32
		{DEE6C68D-431A-4D8A-9A51-E408237B3D04}.Debug|x64.ActiveCfg = Debug|x64
		{DEE6C68D-431A-4D8A-9A51-E408237B3D04}.Debug|x64.Build.0 = Debug|x64
		{DEE6C68D-431A-4D8A-9A51-E408237B3D04}.Debug|x64.Deploy.0 = Debug|x64
		{DEE6C68D-431A-4D8A-9A51-E408237B3D04}.Debug|ARM64.ActiveCfg = Debug|ARM64
		{DEE6C68D-431A-4D8A-9A51-E408237B3D04}.Debug|ARM64.Build.0 = Debug|ARM64
		{DEE6C68D-431A-4D8A-9A51-E408237B3D04}.Debug|ARM64.Deploy.0 = Debug|ARM64
		{DEE6C68D-431A-4D8A-9A51-E408237B3D04}.Release|Win32.ActiveCfg = Release|Win32
		{DEE6C68D-431A-4D8A-9A51-E408237B3D04}.Release|Win32.Build.0 = Release|Win32
		{DEE6C68D-431A-4D8A-9A51-E408237B3D04}.Release|Win32.Deploy.0 = Release|Win32
		{DEE6C68D-431A-4D8A-9A51-E408237B3D04}.Release|x64.ActiveCfg = Release|x64
		{DEE6C68D-431A-4D8A-9A51-E408237B3D04}.Release|x64.Build.0 = Release|x64
		{DEE6C68D-431A-4D8A-9A51-E408237B3D04}.Release|x64.Deploy.0 = Release|x64
		{DEE6C68D-431A-4D8A-9A51-E408237B3D04}.Release|ARM64.ActiveCfg = Release|ARM64
		{DEE6C68D-431A-4D8A-9A51-E408237B3D04}.Release|ARM64.Build.0 = Release|ARM64
		{DEE6C68D-431A-4D8A-9A51-E408237B3D04}.Release|ARM64.Deploy.0 = Release|ARM64
		{BA277C77-EE42-4496-BA90-DF04CC3A81A7}.Debug|Win32.ActiveCfg = Debug|Win32
		{BA277C77-EE42-4496-BA90-DF04CC3A81A7}.Debug|Win32.Build.0 = Debug|Win32
		{BA277C77-EE42-4496-BA90-DF04CC3A81A7}.Debug|Win32.Deploy.0 = Debug|Win32
		{BA277C77-EE42-4496-BA90-DF04CC3A81A7}.Debug|x64.ActiveCfg = Debug|x64
		{BA277C77-EE42-4496-BA90-DF04CC3A81A7}.Debug|x64.Build.0 = Debug|x64
		{BA277C77-EE42-4496-BA90-DF04CC3A81A7}.Debug|x64.Deploy.0 = Debug|x64
		{BA277C77-EE42-4496-BA90-DF04CC3A81A7}.Debug|ARM64.ActiveCfg = Debug|ARM64
		{BA277C77-EE42-4496-BA90-DF04CC3A81A7}.Debug|ARM64.Build.0 = Debug|ARM64
		{BA277C77-EE42-4496-BA90-DF04CC3A81A7}.Debug|ARM64.Deploy.0 = Debug|ARM64
		{BA277C77-EE42-4496-BA90-DF04CC3A81A7}.Release|Win32.ActiveCfg = Release|Win32
		{BA277C77-EE42-4496-BA90-DF04CC3A81A7}.Release|Win32.Build.0 = Release|Win32
		{BA277C77-EE42-4496-BA90-DF04CC3A81A7}.Release|Win32.Deploy.0 = Release|Win32
		{BA277C77-EE42-4496-BA90-DF04CC3A81A7}.Release|x64.ActiveCfg = Release|x64
		{BA277C77-EE42-4496-BA90-DF04CC3A81A7}.Release|x64.Build.0 = Release|x64
		{BA277C77-EE42-4496-BA90-DF04CC3A81A7}.Release|x64.Deploy.0 = Release|x64
		{BA277C77-EE42-4496-BA90-DF04CC3A81A7}.Release|ARM64.ActiveCfg = Release|ARM64
		{BA277C77-EE42-4496-BA90-DF04CC3A81A7}.Release|ARM64.Build.0 = Release|ARM64
		{BA277C77-EE42-4496-BA90-DF04CC3A81A7}.Release|ARM64.Deploy.0 = Release|ARM64
		{89029C31-5C7A-43CF-8683-DAAE251EB484}.Debug|Win32.ActiveCfg = Debug|Win32
		{89029C31-5C7A-43CF-8683-DAAE251EB484}.Debug|Win32.Build.0 = Debug|Win32
		{89029C31-5C7A-43CF-8683-DAAE251EB484}.Debug|Win32.Deploy.0 = Debug|Win32
		{89029C31-5C7A-43CF-8683-DAAE251EB484}.Debug|x64.ActiveCfg = Debug|x64
		{89029C31-5C7A-43CF-8683-DAAE251EB484}.Debug|x64.Build.0 = Debug|x64
		{89029C31-5C7A-43CF-8683-DAAE251EB484}.Debug|x64.Deploy.0 = Debug|x64
		{89029C31-5C7A-43CF-8683-DAAE251EB484}.Debug|ARM64.ActiveCfg = Debug|ARM64
		{89029C31-5C7A-43CF-8683-DAAE251EB484}.Debug|ARM64.Build.0 = Debug|ARM64
		{89029C31-5C7A-43CF-8683-DAAE251EB484}.Debug|ARM64.Deploy.0 = Debug|ARM64
		{89029C31-5C7A-43CF-8683-DAAE251EB484}.Release|Win32.ActiveCfg = Release|Win32
		{89029C31-5C7A-43CF-8683-DAAE251EB484}.Release|Win32.Build.0 = Release|Win32
		{89029C31-5C7A-43CF-8683-DAAE251EB484}.Release|Win32.Deploy.0 = Release|Win32
		{89029C31-5C7A-43CF-8683-DAAE251EB484}.Release|x64.ActiveCfg = Release|x64
		{89029C31-5C7A-43CF-8683-DAAE251EB484}.Release|x64.Build.0 = Release|x64
		{89029C31-5C7A-43CF-8683-DAAE251EB484}.Release|x64.Deploy.0 = Release|x64
		{89029C31-5C7A-43CF-8683-DAAE251EB484}.Release|ARM64.ActiveCfg = Release|ARM64
		{89029C31-5C7A-43CF-8683-DAAE251EB484}.Release|ARM64.Build.0 = Release|ARM64
		{89029C31-5C7A-43CF-8683-DAAE251EB484}.Release|ARM64.Deploy.0 = Release|ARM64
		{A294249F-2308-4122-8F99-AD54FCBDB876}.Debug|Win32.ActiveCfg = Debug|Win32
		{A294249F-2308-4122-8F99-AD54FCBDB876}.Debug|Win32.Build.0 = Debug|Win32
		{A294249F-2308-4122-8F99-AD54FCBDB876}.Debug|Win32.Deploy.0 = Debug|Win32
		{A294249F-2308-4122-8F99-AD54FCBDB876}.Debug|x64.ActiveCfg = Debug|x64
		{A294249F-2308-4122-8F99-AD54FCBDB876}.Debug|x64.Build.0 = Debug|x64
		{A294249F-2308-4122-8F99-AD54FCBDB876}.Debug|x64.Deploy.0 = Debug|x64
		{A294249F-2308-4122-8F99-AD54FCBDB876}.Debug|ARM64.ActiveCfg = Debug|ARM64
		{A294249F-2308-4122-8F99-AD54FCBDB876}.Debug|ARM64.Build.0 = Debug|ARM64
		{A294249F-2308-4122-8F99-AD54FCBDB876}.Debug|ARM64.Deploy.0 = Debug|ARM64
		{A294249F-2308-4122-8F99-AD54FCBDB876}.Release|Win32.ActiveCfg = Release|Win32
		{A294249F-2308-4122-8F99-AD54FCBDB876}.Release|Win32.Build.0 = Release|Win32
		{A294249F-2308-4122-8F99-AD54FCBDB876}.Release|Win32.Deploy.0 = Release|Win32
		{A294249F-2308-4122-8F99-AD54FCBDB876}.Release|x64.ActiveCfg = Release|x64
		{A294249F-2308-4122-8F99-AD54FCBDB876}.Release|x64.Build.0 = Release|x64
		{A294249F-2308-4122-8F99-AD54FCBDB876}.Release|x64.Deploy.0 = Release|x64
		{A294249F-2308-4122-8F99-AD54FCBDB876}.Release|ARM64.ActiveCfg = Release|ARM64
		{A294249F-2308-4122-8F99-AD54FCBDB876}.Release|ARM64.Build.0 = Release|ARM64
		{A294249F-2308-4122-8F99-AD54FCBDB876}.Release|ARM64.Deploy.0 = Release|ARM64
		{FD386229-DD86-4931-B8D1-0F8E3434B4AD}.Debug|Win32.ActiveCfg = Debug|Win32
		{FD386229-DD86-4931-B8D1-0F8E3434B4AD}.Debug|Win32.Build.0 = Debug|Win32
		{FD386229-DD86-4931-B8D1-0F8E3434B4AD}.Debug|Win32.Deploy.0 = Debug|Win32
		{FD386229-DD86-4931-B8D1-0F8E3434B4AD}.Debug|x64.ActiveCfg = Debug|x64
		{FD386229-DD86-4931-B8D1-0F8E3434B4AD}.Debug|x64.Build.0 = Debug|x64
		{FD386229-DD86-4931-B8D1-0F8E3434B4AD}.Debug|x64.Deploy.0 = Debug|x64
		{FD386229-DD86-4931-B8D1-0F8E3434B4AD}.Debug|ARM64.ActiveCfg = Debug|ARM64
		{FD386229-DD86-4931-B8D1-0F8E3434B4AD}.Debug|ARM64.Build.0 = Debug|ARM64
		{FD386229-DD86-4931-B8D1-0F8E3434B4AD}.Debug|ARM64.Deploy.0 = Debug|ARM64
		{FD386229-DD86-4931-B8D1-0F8E3434B4AD}.Release|Win32.ActiveCfg = Release|Win32
		{FD386229-DD86-4931-B8D1-0F8E3434B4AD}.Release|Win32.Build.0 = Release|Win32
		{FD386229-DD86-4931-B8D1-0F8E3434B4AD}.Release|Win32.Deploy.0 = Release|Win32
		{FD386229-DD86-4931-B8D1-0F8E3434B4AD}.Release|x64.ActiveCfg = Release|x64
		{FD386229-DD86-4931-B8D1-0F8E3434B4AD}.Release|x64.Build.0 = Release|x64
		{FD386229-DD86-4931-B8D1-0F8E3434B4AD}.Release|x64.Deploy.0 = Release|x64
		{FD386229-DD86-4931-B8D1-0F8E3434B4AD}.Release|ARM64.ActiveCfg = Release|ARM64
		{FD386229-DD86-4931-B8D1-0F8E3434B4AD}.Release|ARM64.Build.0 = Release|ARM64
		{FD386229-DD86-4931-B8D1-0F8E3434B4AD}.Release|ARM64.Deploy.0 = Release|ARM64
		{D1A5B2A9-5A16-415A-8394-B80B9CCB2AE5}.Debug|Win32.ActiveCfg = Debug|Win32
		{D1A5B2A9-5A16-415A-8394-B80B9CCB2AE5}.Debug|Win32.Build.0 = Debug|Win32
		{D1A5B2A9-5A16-415A-8394-B80B9CCB2AE5}.Debug|Win32.Deploy.0 = Debug|Win32
		{D1A5B2A9-5A16-415A-8394-B80B9CCB2AE5}.Debug|x64.ActiveCfg = Debug|x64
		{D1A5B2A9-5A16-415A-8394-B80B9CCB2AE5}.Debug|x64.Build.0 = Debug|x64
		{D1A5B2A9-5A16-415A-8394-B80B9CCB2AE5}.Debug|x64.Deploy.0 = Debug|x64
		{D1A5B2A9-5A16-415A-8394-B80B9CCB2AE5}.Debug|ARM64.ActiveCfg = Debug|ARM64
		{D1A5B2A9-5A16-415A-8394-B80B9CCB2AE5}.Debug|ARM64.Build.0 = Debug|ARM64
		{D1A5B2A9-5A16-415A-8394-B80B9CCB2AE5}.Debug|ARM64.Deploy.0 = Debug|ARM64
		{D1A5B2A9-5A16-415A-8394-B80B9CCB2AE5}.Release|Win32.ActiveCfg = Release|Win32
		{D1A5B2A9-5A16-415A-8394-B80B9CCB2AE5}.Release|Win32.Build.0 = Release|Win32
		{D1A5B2A9-5A16-415A-8394-B80B9CCB2AE5}.Release|Win32.Deploy.0 = Release|Win32
		{D1A5B2A9-5A16-415A-8394-B80B9CCB2AE5}.Release|x64.ActiveCfg = Release|x64
		{D1A5B2A9-5A16-415A-8394-B80B9CCB2AE5}.Release|x64.Build.0 = Release|x64
		{D1A5B2A9-5A16-415A-8394-B80B9CCB2AE5}.Release|x64.Deploy.0 = Release|x64
		{D1A5B2A9-5A16-415A-8394-B80B9CCB2AE5}.Release|ARM64.ActiveCfg = Release|ARM64
		{D1A5B2A9-5A16-415A-8394-B80B9CCB2AE5}.Release|ARM64.Build.0 = Release|ARM64
		{D1A5B2A9-5A16-415A-8394-B80B9CCB2AE5}.Release|ARM64.Deploy.0 = Release|ARM64
		{E683B391-0C95-4CCF-AE71-BBFF8D45EA3F}.Debug|Win32.ActiveCfg = Debug|Win32
		{E683B391-0C95-4CCF-AE71-BBFF8D45EA3F}.Debug|Win32.Build.0 = Debug|Win32
		{E683B391-0C95-4CCF-AE71-BBFF8D45EA3F}.Debug|Win32.Deploy.0 = Debug|Win32
		{E683B391-0C95-4CCF-AE71-BBFF8D45EA3F}.Debug|x64.ActiveCfg = Debug|x64
		{E683B391-0C95-4CCF-AE71-BBFF8D45EA3F}.Debug|x64.Build.0 = Debug|x64
		{E683B391-0C95-4CCF-AE71-BBFF8D45EA3F}.Debug|x64.Deploy.0 = Debug|x64
		{E683B391-0C95-4CCF-AE71-BBFF8D45EA3F}.Debug|ARM64.ActiveCfg = Debug|ARM64
		{E683B391-0C95-4CCF-AE71-BBFF8D45EA3F}.Debug|ARM64.Build.0 = Debug|ARM64
		{E683B391-0C95-4CCF-AE71-BBFF8D45EA3F}.Debug|ARM64.Deploy.0 = Debug|ARM64
		{E683B391-0C95-4CCF-AE71-BBFF8D45EA3F}.Release|Win32.ActiveCfg = Release|Win32
		{E683B391-0C95-4CCF-AE71-BBFF8D45EA3F}.Release|Win32.Build.0 = Release|Win32
		{E683B391-0C95-4CCF-AE71-BBFF8D45EA3F}.Release|Win32.Deploy.0 = Release|Win32
		{E683B391-0C95-4CCF-AE71-BBFF8D45EA3F}.Release|x64.ActiveCfg = Release|x64
		{E683B391-0C95-4CCF-AE71-BBFF8D45EA3F}.Release|x64.Build.0 = Release|x64
		{E683B391-0C95-4CCF-AE71-BBFF8D45EA3F}.Release|x64.Deploy.0 = Release|x64
		{E683B391-0C95-4CCF-AE71-BBFF8D45EA3F}.Release|ARM64.ActiveCfg = Release|ARM64
		{E683B391-0C95-4CCF-AE71-BBFF8D45EA3F}.Release|ARM64.Build.0 = Release|ARM64
		{E683B391-0C95-4CCF-AE71-BBFF8D45EA3F}.Release|ARM64.Deploy.0 = Release|ARM64
	EndGlobalSection
	GlobalSection(SolutionProperties) = preSolution
		HideSolutionNode = FALSE
	EndGlobalSection
EndGlobal
