
Microsoft Visual Studio Solution File, Format Version 11.00
# Visual Studio 15
Project("{8BC9CEB8-8B4A-11D0-8D11-00A0C91BC942}") = "3d", "3d.vcxproj", "{5B512B2F-FF1A-4044-8B93-5D97A1B8FB8C}"
EndProject
Project("{8BC9CEB8-8B4A-11D0-8D11-00A0C91BC942}") = "asyncio", "asyncio.vcxproj", "{7A559E65-06C3-4B82-8B16-54F4A6B6CE8D}"
EndProject
Project("{8BC9CEB8-8B4A-11D0-8D11-00A0C91BC942}") = "channel_groups", "channel_groups.vcxproj", "{7FB3A7B6-4CAA-491D-9D3F-C4DF60FEFD9A}"
EndProject
Project("{8BC9CEB8-8B4A-11D0-8D11-00A0C91BC942}") = "convolution_reverb", "convolution_reverb.vcxproj", "{723EF0B4-C88F-4553-BA8B-D0E3A7584FB4}"
EndProject
Project("{8BC9CEB8-8B4A-11D0-8D11-00A0C91BC942}") = "dsp_custom", "dsp_custom.vcxproj", "{0DF4C92D-4AEE-48E3-9C39-46E0D8C2B6D7}"
EndProject
Project("{8BC9CEB8-8B4A-11D0-8D11-00A0C91BC942}") = "dsp_effect_per_speaker", "dsp_effect_per_speaker.vcxproj", "{44763246-C95B-4961-9473-F26642A1C991}"
EndProject
Project("{8BC9CEB8-8B4A-11D0-8D11-00A0C91BC942}") = "dsp_inspector", "dsp_inspector.vcxproj", "{E7B34B46-EB24-4F2D-A4CD-A8CDBBF24F97}"
EndProject
Project("{8BC9CEB8-8B4A-11D0-8D11-00A0C91BC942}") = "effects", "effects.vcxproj", "{66BB4390-5D71-4DBC-AC5C-4C23AAE31DD5}"
EndProject
Project("{8BC9CEB8-8B4A-11D0-8D11-00A0C91BC942}") = "gapless_playback", "gapless_playback.vcxproj", "{1DF075FF-A1D2-410F-AF7F-B211383899B4}"
EndProject
Project("{8BC9CEB8-8B4A-11D0-8D11-00A0C91BC942}") = "generate_tone", "generate_tone.vcxproj", "{6F6E246F-833A-47CC-B1C5-8142A0E34096}"
EndProject
Project("{8BC9CEB8-8B4A-11D0-8D11-00A0C91BC942}") = "granular_synth", "granular_synth.vcxproj", "{29738CFB-6952-4ADE-BEC4-D2328913BECE}"
EndProject
Project("{8BC9CEB8-8B4A-11D0-8D11-00A0C91BC942}") = "load_from_memory", "load_from_memory.vcxproj", "{7AA5801E-0D39-473F-9799-BFDC63A2231D}"
EndProject
Project("{8BC9CEB8-8B4A-11D0-8D11-00A0C91BC942}") = "multiple_speaker", "multiple_speaker.vcxproj", "{A42D32ED-B20C-4EB1-9113-4D2F0E8B685B}"
EndProject
Project("{8BC9CEB8-8B4A-11D0-8D11-00A0C91BC942}") = "multiple_system", "multiple_system.vcxproj", "{1A0B0CA2-5015-4AD3-AC83-76D5BF002C33}"
EndProject
Project("{8BC9CEB8-8B4A-11D0-8D11-00A0C91BC942}") = "net_stream", "net_stream.vcxproj", "{6605F2F6-4152-4587-BD09-CF3B2AC9419E}"
EndProject
Project("{8BC9CEB8-8B4A-11D0-8D11-00A0C91BC942}") = "play_sound", "play_sound.vcxproj", "{D3EEFE57-CEBD-438A-B7F4-254265AF4576}"
EndProject
Project("{8BC9CEB8-8B4A-11D0-8D11-00A0C91BC942}") = "play_stream", "play_stream.vcxproj", "{1A8BF828-FEAB-4EC2-A730-0B9E721EB4CC}"
EndProject
Project("{8BC9CEB8-8B4A-11D0-8D11-00A0C91BC942}") = "record", "record.vcxproj", "{36E9DAD7-7961-419E-A51B-8E1FFFE9E313}"
EndProject
Project("{8BC9CEB8-8B4A-11D0-8D11-00A0C91BC942}") = "record_enumeration", "record_enumeration.vcxproj", "{4435ECA6-EAF9-41BB-87AF-AB1941B0FFB7}"
EndProject
Project("{8BC9CEB8-8B4A-11D0-8D11-00A0C91BC942}") = "user_created_sound", "user_created_sound.vcxproj", "{080AD94A-E1BF-441F-BA95-3A90A0FF2512}"
EndProject
Project("{8BC9CEB8-8B4A-11D0-8D11-00A0C91BC942}") = "fmod_codec_raw", "fmod_codec_raw.vcxproj", "{922DE141-7DF2-4611-802E-79F7FE972292}"
EndProject
Project("{8BC9CEB8-8B4A-11D0-8D11-00A0C91BC942}") = "fmod_distance_filter", "fmod_distance_filter.vcxproj", "{CFEEB03C-FB69-4169-8C3A-26E050D5D8EA}"
EndProject
Project("{8BC9CEB8-8B4A-11D0-8D11-00A0C91BC942}") = "fmod_gain", "fmod_gain.vcxproj", "{1DE8F9EE-F536-459C-9E04-387AE29E83D4}"
EndProject
Project("{8BC9CEB8-8B4A-11D0-8D11-00A0C91BC942}") = "fmod_noise", "fmod_noise.vcxproj", "{6243DC08-3B69-42D0-966B-A2AA923D96D8}"
EndProject
Project("{8BC9CEB8-8B4A-11D0-8D11-00A0C91BC942}") = "fmod_rnbo", "fmod_rnbo.vcxproj", "{0883B39B-6F8A-4C64-AF76-45ED6E6947F8}"
EndProject
Project("{8BC9CEB8-8B4A-11D0-8D11-00A0C91BC942}") = "output_mp3", "output_mp3.vcxproj", "{2F88D350-F9F6-4E16-B615-57A8498030C2}"
EndProject
Global
	GlobalSection(SolutionConfigurationPlatforms) = preSolution
		Debug|Win32 = Debug|Win32
		Debug|x64 = Debug|x64
		Debug|ARM64 = Debug|ARM64
		Release|Win32 = Release|Win32
		Release|x64 = Release|x64
		Release|ARM64 = Release|ARM64
	EndGlobalSection
	GlobalSection(ProjectConfigurationPlatforms) = postSolution
		{5B512B2F-FF1A-4044-8B93-5D97A1B8FB8C}.Debug|Win32.ActiveCfg = Debug|Win32
		{5B512B2F-FF1A-4044-8B93-5D97A1B8FB8C}.Debug|Win32.Build.0 = Debug|Win32
		{5B512B2F-FF1A-4044-8B93-5D97A1B8FB8C}.Debug|Win32.Deploy.0 = Debug|Win32
		{5B512B2F-FF1A-4044-8B93-5D97A1B8FB8C}.Debug|x64.ActiveCfg = Debug|x64
		{5B512B2F-FF1A-4044-8B93-5D97A1B8FB8C}.Debug|x64.Build.0 = Debug|x64
		{5B512B2F-FF1A-4044-8B93-5D97A1B8FB8C}.Debug|x64.Deploy.0 = Debug|x64
		{5B512B2F-FF1A-4044-8B93-5D97A1B8FB8C}.Debug|ARM64.ActiveCfg = Debug|ARM64
		{5B512B2F-FF1A-4044-8B93-5D97A1B8FB8C}.Debug|ARM64.Build.0 = Debug|ARM64
		{5B512B2F-FF1A-4044-8B93-5D97A1B8FB8C}.Debug|ARM64.Deploy.0 = Debug|ARM64
		{5B512B2F-FF1A-4044-8B93-5D97A1B8FB8C}.Release|Win32.ActiveCfg = Release|Win32
		{5B512B2F-FF1A-4044-8B93-5D97A1B8FB8C}.Release|Win32.Build.0 = Release|Win32
		{5B512B2F-FF1A-4044-8B93-5D97A1B8FB8C}.Release|Win32.Deploy.0 = Release|Win32
		{5B512B2F-FF1A-4044-8B93-5D97A1B8FB8C}.Release|x64.ActiveCfg = Release|x64
		{5B512B2F-FF1A-4044-8B93-5D97A1B8FB8C}.Release|x64.Build.0 = Release|x64
		{5B512B2F-FF1A-4044-8B93-5D97A1B8FB8C}.Release|x64.Deploy.0 = Release|x64
		{5B512B2F-FF1A-4044-8B93-5D97A1B8FB8C}.Release|ARM64.ActiveCfg = Release|ARM64
		{5B512B2F-FF1A-4044-8B93-5D97A1B8FB8C}.Release|ARM64.Build.0 = Release|ARM64
		{5B512B2F-FF1A-4044-8B93-5D97A1B8FB8C}.Release|ARM64.Deploy.0 = Release|ARM64
		{7A559E65-06C3-4B82-8B16-54F4A6B6CE8D}.Debug|Win32.ActiveCfg = Debug|Win32
		{7A559E65-06C3-4B82-8B16-54F4A6B6CE8D}.Debug|Win32.Build.0 = Debug|Win32
		{7A559E65-06C3-4B82-8B16-54F4A6B6CE8D}.Debug|Win32.Deploy.0 = Debug|Win32
		{7A559E65-06C3-4B82-8B16-54F4A6B6CE8D}.Debug|x64.ActiveCfg = Debug|x64
		{7A559E65-06C3-4B82-8B16-54F4A6B6CE8D}.Debug|x64.Build.0 = Debug|x64
		{7A559E65-06C3-4B82-8B16-54F4A6B6CE8D}.Debug|x64.Deploy.0 = Debug|x64
		{7A559E65-06C3-4B82-8B16-54F4A6B6CE8D}.Debug|ARM64.ActiveCfg = Debug|ARM64
		{7A559E65-06C3-4B82-8B16-54F4A6B6CE8D}.Debug|ARM64.Build.0 = Debug|ARM64
		{7A559E65-06C3-4B82-8B16-54F4A6B6CE8D}.Debug|ARM64.Deploy.0 = Debug|ARM64
		{7A559E65-06C3-4B82-8B16-54F4A6B6CE8D}.Release|Win32.ActiveCfg = Release|Win32
		{7A559E65-06C3-4B82-8B16-54F4A6B6CE8D}.Release|Win32.Build.0 = Release|Win32
		{7A559E65-06C3-4B82-8B16-54F4A6B6CE8D}.Release|Win32.Deploy.0 = Release|Win32
		{7A559E65-06C3-4B82-8B16-54F4A6B6CE8D}.Release|x64.ActiveCfg = Release|x64
		{7A559E65-06C3-4B82-8B16-54F4A6B6CE8D}.Release|x64.Build.0 = Release|x64
		{7A559E65-06C3-4B82-8B16-54F4A6B6CE8D}.Release|x64.Deploy.0 = Release|x64
		{7A559E65-06C3-4B82-8B16-54F4A6B6CE8D}.Release|ARM64.ActiveCfg = Release|ARM64
		{7A559E65-06C3-4B82-8B16-54F4A6B6CE8D}.Release|ARM64.Build.0 = Release|ARM64
		{7A559E65-06C3-4B82-8B16-54F4A6B6CE8D}.Release|ARM64.Deploy.0 = Release|ARM64
		{7FB3A7B6-4CAA-491D-9D3F-C4DF60FEFD9A}.Debug|Win32.ActiveCfg = Debug|Win32
		{7FB3A7B6-4CAA-491D-9D3F-C4DF60FEFD9A}.Debug|Win32.Build.0 = Debug|Win32
		{7FB3A7B6-4CAA-491D-9D3F-C4DF60FEFD9A}.Debug|Win32.Deploy.0 = Debug|Win32
		{7FB3A7B6-4CAA-491D-9D3F-C4DF60FEFD9A}.Debug|x64.ActiveCfg = Debug|x64
		{7FB3A7B6-4CAA-491D-9D3F-C4DF60FEFD9A}.Debug|x64.Build.0 = Debug|x64
		{7FB3A7B6-4CAA-491D-9D3F-C4DF60FEFD9A}.Debug|x64.Deploy.0 = Debug|x64
		{7FB3A7B6-4CAA-491D-9D3F-C4DF60FEFD9A}.Debug|ARM64.ActiveCfg = Debug|ARM64
		{7FB3A7B6-4CAA-491D-9D3F-C4DF60FEFD9A}.Debug|ARM64.Build.0 = Debug|ARM64
		{7FB3A7B6-4CAA-491D-9D3F-C4DF60FEFD9A}.Debug|ARM64.Deploy.0 = Debug|ARM64
		{7FB3A7B6-4CAA-491D-9D3F-C4DF60FEFD9A}.Release|Win32.ActiveCfg = Release|Win32
		{7FB3A7B6-4CAA-491D-9D3F-C4DF60FEFD9A}.Release|Win32.Build.0 = Release|Win32
		{7FB3A7B6-4CAA-491D-9D3F-C4DF60FEFD9A}.Release|Win32.Deploy.0 = Release|Win32
		{7FB3A7B6-4CAA-491D-9D3F-C4DF60FEFD9A}.Release|x64.ActiveCfg = Release|x64
		{7FB3A7B6-4CAA-491D-9D3F-C4DF60FEFD9A}.Release|x64.Build.0 = Release|x64
		{7FB3A7B6-4CAA-491D-9D3F-C4DF60FEFD9A}.Release|x64.Deploy.0 = Release|x64
		{7FB3A7B6-4CAA-491D-9D3F-C4DF60FEFD9A}.Release|ARM64.ActiveCfg = Release|ARM64
		{7FB3A7B6-4CAA-491D-9D3F-C4DF60FEFD9A}.Release|ARM64.Build.0 = Release|ARM64
		{7FB3A7B6-4CAA-491D-9D3F-C4DF60FEFD9A}.Release|ARM64.Deploy.0 = Release|ARM64
		{723EF0B4-C88F-4553-BA8B-D0E3A7584FB4}.Debug|Win32.ActiveCfg = Debug|Win32
		{723EF0B4-C88F-4553-BA8B-D0E3A7584FB4}.Debug|Win32.Build.0 = Debug|Win32
		{723EF0B4-C88F-4553-BA8B-D0E3A7584FB4}.Debug|Win32.Deploy.0 = Debug|Win32
		{723EF0B4-C88F-4553-BA8B-D0E3A7584FB4}.Debug|x64.ActiveCfg = Debug|x64
		{723EF0B4-C88F-4553-BA8B-D0E3A7584FB4}.Debug|x64.Build.0 = Debug|x64
		{723EF0B4-C88F-4553-BA8B-D0E3A7584FB4}.Debug|x64.Deploy.0 = Debug|x64
		{723EF0B4-C88F-4553-BA8B-D0E3A7584FB4}.Debug|ARM64.ActiveCfg = Debug|ARM64
		{723EF0B4-C88F-4553-BA8B-D0E3A7584FB4}.Debug|ARM64.Build.0 = Debug|ARM64
		{723EF0B4-C88F-4553-BA8B-D0E3A7584FB4}.Debug|ARM64.Deploy.0 = Debug|ARM64
		{723EF0B4-C88F-4553-BA8B-D0E3A7584FB4}.Release|Win32.ActiveCfg = Release|Win32
		{723EF0B4-C88F-4553-BA8B-D0E3A7584FB4}.Release|Win32.Build.0 = Release|Win32
		{723EF0B4-C88F-4553-BA8B-D0E3A7584FB4}.Release|Win32.Deploy.0 = Release|Win32
		{723EF0B4-C88F-4553-BA8B-D0E3A7584FB4}.Release|x64.ActiveCfg = Release|x64
		{723EF0B4-C88F-4553-BA8B-D0E3A7584FB4}.Release|x64.Build.0 = Release|x64
		{723EF0B4-C88F-4553-BA8B-D0E3A7584FB4}.Release|x64.Deploy.0 = Release|x64
		{723EF0B4-C88F-4553-BA8B-D0E3A7584FB4}.Release|ARM64.ActiveCfg = Release|ARM64
		{723EF0B4-C88F-4553-BA8B-D0E3A7584FB4}.Release|ARM64.Build.0 = Release|ARM64
		{723EF0B4-C88F-4553-BA8B-D0E3A7584FB4}.Release|ARM64.Deploy.0 = Release|ARM64
		{0DF4C92D-4AEE-48E3-9C39-46E0D8C2B6D7}.Debug|Win32.ActiveCfg = Debug|Win32
		{0DF4C92D-4AEE-48E3-9C39-46E0D8C2B6D7}.Debug|Win32.Build.0 = Debug|Win32
		{0DF4C92D-4AEE-48E3-9C39-46E0D8C2B6D7}.Debug|Win32.Deploy.0 = Debug|Win32
		{0DF4C92D-4AEE-48E3-9C39-46E0D8C2B6D7}.Debug|x64.ActiveCfg = Debug|x64
		{0DF4C92D-4AEE-48E3-9C39-46E0D8C2B6D7}.Debug|x64.Build.0 = Debug|x64
		{0DF4C92D-4AEE-48E3-9C39-46E0D8C2B6D7}.Debug|x64.Deploy.0 = Debug|x64
		{0DF4C92D-4AEE-48E3-9C39-46E0D8C2B6D7}.Debug|ARM64.ActiveCfg = Debug|ARM64
		{0DF4C92D-4AEE-48E3-9C39-46E0D8C2B6D7}.Debug|ARM64.Build.0 = Debug|ARM64
		{0DF4C92D-4AEE-48E3-9C39-46E0D8C2B6D7}.Debug|ARM64.Deploy.0 = Debug|ARM64
		{0DF4C92D-4AEE-48E3-9C39-46E0D8C2B6D7}.Release|Win32.ActiveCfg = Release|Win32
		{0DF4C92D-4AEE-48E3-9C39-46E0D8C2B6D7}.Release|Win32.Build.0 = Release|Win32
		{0DF4C92D-4AEE-48E3-9C39-46E0D8C2B6D7}.Release|Win32.Deploy.0 = Release|Win32
		{0DF4C92D-4AEE-48E3-9C39-46E0D8C2B6D7}.Release|x64.ActiveCfg = Release|x64
		{0DF4C92D-4AEE-48E3-9C39-46E0D8C2B6D7}.Release|x64.Build.0 = Release|x64
		{0DF4C92D-4AEE-48E3-9C39-46E0D8C2B6D7}.Release|x64.Deploy.0 = Release|x64
		{0DF4C92D-4AEE-48E3-9C39-46E0D8C2B6D7}.Release|ARM64.ActiveCfg = Release|ARM64
		{0DF4C92D-4AEE-48E3-9C39-46E0D8C2B6D7}.Release|ARM64.Build.0 = Release|ARM64
		{0DF4C92D-4AEE-48E3-9C39-46E0D8C2B6D7}.Release|ARM64.Deploy.0 = Release|ARM64
		{44763246-C95B-4961-9473-F26642A1C991}.Debug|Win32.ActiveCfg = Debug|Win32
		{44763246-C95B-4961-9473-F26642A1C991}.Debug|Win32.Build.0 = Debug|Win32
		{44763246-C95B-4961-9473-F26642A1C991}.Debug|Win32.Deploy.0 = Debug|Win32
		{44763246-C95B-4961-9473-F26642A1C991}.Debug|x64.ActiveCfg = Debug|x64
		{44763246-C95B-4961-9473-F26642A1C991}.Debug|x64.Build.0 = Debug|x64
		{44763246-C95B-4961-9473-F26642A1C991}.Debug|x64.Deploy.0 = Debug|x64
		{44763246-C95B-4961-9473-F26642A1C991}.Debug|ARM64.ActiveCfg = Debug|ARM64
		{44763246-C95B-4961-9473-F26642A1C991}.Debug|ARM64.Build.0 = Debug|ARM64
		{44763246-C95B-4961-9473-F26642A1C991}.Debug|ARM64.Deploy.0 = Debug|ARM64
		{44763246-C95B-4961-9473-F26642A1C991}.Release|Win32.ActiveCfg = Release|Win32
		{44763246-C95B-4961-9473-F26642A1C991}.Release|Win32.Build.0 = Release|Win32
		{44763246-C95B-4961-9473-F26642A1C991}.Release|Win32.Deploy.0 = Release|Win32
		{44763246-C95B-4961-9473-F26642A1C991}.Release|x64.ActiveCfg = Release|x64
		{44763246-C95B-4961-9473-F26642A1C991}.Release|x64.Build.0 = Release|x64
		{44763246-C95B-4961-9473-F26642A1C991}.Release|x64.Deploy.0 = Release|x64
		{44763246-C95B-4961-9473-F26642A1C991}.Release|ARM64.ActiveCfg = Release|ARM64
		{44763246-C95B-4961-9473-F26642A1C991}.Release|ARM64.Build.0 = Release|ARM64
		{44763246-C95B-4961-9473-F26642A1C991}.Release|ARM64.Deploy.0 = Release|ARM64
		{E7B34B46-EB24-4F2D-A4CD-A8CDBBF24F97}.Debug|Win32.ActiveCfg = Debug|Win32
		{E7B34B46-EB24-4F2D-A4CD-A8CDBBF24F97}.Debug|Win32.Build.0 = Debug|Win32
		{E7B34B46-EB24-4F2D-A4CD-A8CDBBF24F97}.Debug|Win32.Deploy.0 = Debug|Win32
		{E7B34B46-EB24-4F2D-A4CD-A8CDBBF24F97}.Debug|x64.ActiveCfg = Debug|x64
		{E7B34B46-EB24-4F2D-A4CD-A8CDBBF24F97}.Debug|x64.Build.0 = Debug|x64
		{E7B34B46-EB24-4F2D-A4CD-A8CDBBF24F97}.Debug|x64.Deploy.0 = Debug|x64
		{E7B34B46-EB24-4F2D-A4CD-A8CDBBF24F97}.Debug|ARM64.ActiveCfg = Debug|ARM64
		{E7B34B46-EB24-4F2D-A4CD-A8CDBBF24F97}.Debug|ARM64.Build.0 = Debug|ARM64
		{E7B34B46-EB24-4F2D-A4CD-A8CDBBF24F97}.Debug|ARM64.Deploy.0 = Debug|ARM64
		{E7B34B46-EB24-4F2D-A4CD-A8CDBBF24F97}.Release|Win32.ActiveCfg = Release|Win32
		{E7B34B46-EB24-4F2D-A4CD-A8CDBBF24F97}.Release|Win32.Build.0 = Release|Win32
		{E7B34B46-EB24-4F2D-A4CD-A8CDBBF24F97}.Release|Win32.Deploy.0 = Release|Win32
		{E7B34B46-EB24-4F2D-A4CD-A8CDBBF24F97}.Release|x64.ActiveCfg = Release|x64
		{E7B34B46-EB24-4F2D-A4CD-A8CDBBF24F97}.Release|x64.Build.0 = Release|x64
		{E7B34B46-EB24-4F2D-A4CD-A8CDBBF24F97}.Release|x64.Deploy.0 = Release|x64
		{E7B34B46-EB24-4F2D-A4CD-A8CDBBF24F97}.Release|ARM64.ActiveCfg = Release|ARM64
		{E7B34B46-EB24-4F2D-A4CD-A8CDBBF24F97}.Release|ARM64.Build.0 = Release|ARM64
		{E7B34B46-EB24-4F2D-A4CD-A8CDBBF24F97}.Release|ARM64.Deploy.0 = Release|ARM64
		{66BB4390-5D71-4DBC-AC5C-4C23AAE31DD5}.Debug|Win32.ActiveCfg = Debug|Win32
		{66BB4390-5D71-4DBC-AC5C-4C23AAE31DD5}.Debug|Win32.Build.0 = Debug|Win32
		{66BB4390-5D71-4DBC-AC5C-4C23AAE31DD5}.Debug|Win32.Deploy.0 = Debug|Win32
		{66BB4390-5D71-4DBC-AC5C-4C23AAE31DD5}.Debug|x64.ActiveCfg = Debug|x64
		{66BB4390-5D71-4DBC-AC5C-4C23AAE31DD5}.Debug|x64.Build.0 = Debug|x64
		{66BB4390-5D71-4DBC-AC5C-4C23AAE31DD5}.Debug|x64.Deploy.0 = Debug|x64
		{66BB4390-5D71-4DBC-AC5C-4C23AAE31DD5}.Debug|ARM64.ActiveCfg = Debug|ARM64
		{66BB4390-5D71-4DBC-AC5C-4C23AAE31DD5}.Debug|ARM64.Build.0 = Debug|ARM64
		{66BB4390-5D71-4DBC-AC5C-4C23AAE31DD5}.Debug|ARM64.Deploy.0 = Debug|ARM64
		{66BB4390-5D71-4DBC-AC5C-4C23AAE31DD5}.Release|Win32.ActiveCfg = Release|Win32
		{66BB4390-5D71-4DBC-AC5C-4C23AAE31DD5}.Release|Win32.Build.0 = Release|Win32
		{66BB4390-5D71-4DBC-AC5C-4C23AAE31DD5}.Release|Win32.Deploy.0 = Release|Win32
		{66BB4390-5D71-4DBC-AC5C-4C23AAE31DD5}.Release|x64.ActiveCfg = Release|x64
		{66BB4390-5D71-4DBC-AC5C-4C23AAE31DD5}.Release|x64.Build.0 = Release|x64
		{66BB4390-5D71-4DBC-AC5C-4C23AAE31DD5}.Release|x64.Deploy.0 = Release|x64
		{66BB4390-5D71-4DBC-AC5C-4C23AAE31DD5}.Release|ARM64.ActiveCfg = Release|ARM64
		{66BB4390-5D71-4DBC-AC5C-4C23AAE31DD5}.Release|ARM64.Build.0 = Release|ARM64
		{66BB4390-5D71-4DBC-AC5C-4C23AAE31DD5}.Release|ARM64.Deploy.0 = Release|ARM64
		{1DF075FF-A1D2-410F-AF7F-B211383899B4}.Debug|Win32.ActiveCfg = Debug|Win32
		{1DF075FF-A1D2-410F-AF7F-B211383899B4}.Debug|Win32.Build.0 = Debug|Win32
		{1DF075FF-A1D2-410F-AF7F-B211383899B4}.Debug|Win32.Deploy.0 = Debug|Win32
		{1DF075FF-A1D2-410F-AF7F-B211383899B4}.Debug|x64.ActiveCfg = Debug|x64
		{1DF075FF-A1D2-410F-AF7F-B211383899B4}.Debug|x64.Build.0 = Debug|x64
		{1DF075FF-A1D2-410F-AF7F-B211383899B4}.Debug|x64.Deploy.0 = Debug|x64
		{1DF075FF-A1D2-410F-AF7F-B211383899B4}.Debug|ARM64.ActiveCfg = Debug|ARM64
		{1DF075FF-A1D2-410F-AF7F-B211383899B4}.Debug|ARM64.Build.0 = Debug|ARM64
		{1DF075FF-A1D2-410F-AF7F-B211383899B4}.Debug|ARM64.Deploy.0 = Debug|ARM64
		{1DF075FF-A1D2-410F-AF7F-B211383899B4}.Release|Win32.ActiveCfg = Release|Win32
		{1DF075FF-A1D2-410F-AF7F-B211383899B4}.Release|Win32.Build.0 = Release|Win32
		{1DF075FF-A1D2-410F-AF7F-B211383899B4}.Release|Win32.Deploy.0 = Release|Win32
		{1DF075FF-A1D2-410F-AF7F-B211383899B4}.Release|x64.ActiveCfg = Release|x64
		{1DF075FF-A1D2-410F-AF7F-B211383899B4}.Release|x64.Build.0 = Release|x64
		{1DF075FF-A1D2-410F-AF7F-B211383899B4}.Release|x64.Deploy.0 = Release|x64
		{1DF075FF-A1D2-410F-AF7F-B211383899B4}.Release|ARM64.ActiveCfg = Release|ARM64
		{1DF075FF-A1D2-410F-AF7F-B211383899B4}.Release|ARM64.Build.0 = Release|ARM64
		{1DF075FF-A1D2-410F-AF7F-B211383899B4}.Release|ARM64.Deploy.0 = Release|ARM64
		{6F6E246F-833A-47CC-B1C5-8142A0E34096}.Debug|Win32.ActiveCfg = Debug|Win32
		{6F6E246F-833A-47CC-B1C5-8142A0E34096}.Debug|Win32.Build.0 = Debug|Win32
		{6F6E246F-833A-47CC-B1C5-8142A0E34096}.Debug|Win32.Deploy.0 = Debug|Win32
		{6F6E246F-833A-47CC-B1C5-8142A0E34096}.Debug|x64.ActiveCfg = Debug|x64
		{6F6E246F-833A-47CC-B1C5-8142A0E34096}.Debug|x64.Build.0 = Debug|x64
		{6F6E246F-833A-47CC-B1C5-8142A0E34096}.Debug|x64.Deploy.0 = Debug|x64
		{6F6E246F-833A-47CC-B1C5-8142A0E34096}.Debug|ARM64.ActiveCfg = Debug|ARM64
		{6F6E246F-833A-47CC-B1C5-8142A0E34096}.Debug|ARM64.Build.0 = Debug|ARM64
		{6F6E246F-833A-47CC-B1C5-8142A0E34096}.Debug|ARM64.Deploy.0 = Debug|ARM64
		{6F6E246F-833A-47CC-B1C5-8142A0E34096}.Release|Win32.ActiveCfg = Release|Win32
		{6F6E246F-833A-47CC-B1C5-8142A0E34096}.Release|Win32.Build.0 = Release|Win32
		{6F6E246F-833A-47CC-B1C5-8142A0E34096}.Release|Win32.Deploy.0 = Release|Win32
		{6F6E246F-833A-47CC-B1C5-8142A0E34096}.Release|x64.ActiveCfg = Release|x64
		{6F6E246F-833A-47CC-B1C5-8142A0E34096}.Release|x64.Build.0 = Release|x64
		{6F6E246F-833A-47CC-B1C5-8142A0E34096}.Release|x64.Deploy.0 = Release|x64
		{6F6E246F-833A-47CC-B1C5-8142A0E34096}.Release|ARM64.ActiveCfg = Release|ARM64
		{6F6E246F-833A-47CC-B1C5-8142A0E34096}.Release|ARM64.Build.0 = Release|ARM64
		{6F6E246F-833A-47CC-B1C5-8142A0E34096}.Release|ARM64.Deploy.0 = Release|ARM64
		{29738CFB-6952-4ADE-BEC4-D2328913BECE}.Debug|Win32.ActiveCfg = Debug|Win32
		{29738CFB-6952-4ADE-BEC4-D2328913BECE}.Debug|Win32.Build.0 = Debug|Win32
		{29738CFB-6952-4ADE-BEC4-D2328913BECE}.Debug|Win32.Deploy.0 = Debug|Win32
		{29738CFB-6952-4ADE-BEC4-D2328913BECE}.Debug|x64.ActiveCfg = Debug|x64
		{29738CFB-6952-4ADE-BEC4-D2328913BECE}.Debug|x64.Build.0 = Debug|x64
		{29738CFB-6952-4ADE-BEC4-D2328913BECE}.Debug|x64.Deploy.0 = Debug|x64
		{29738CFB-6952-4ADE-BEC4-D2328913BECE}.Debug|ARM64.ActiveCfg = Debug|ARM64
		{29738CFB-6952-4ADE-BEC4-D2328913BECE}.Debug|ARM64.Build.0 = Debug|ARM64
		{29738CFB-6952-4ADE-BEC4-D2328913BECE}.Debug|ARM64.Deploy.0 = Debug|ARM64
		{29738CFB-6952-4ADE-BEC4-D2328913BECE}.Release|Win32.ActiveCfg = Release|Win32
		{29738CFB-6952-4ADE-BEC4-D2328913BECE}.Release|Win32.Build.0 = Release|Win32
		{29738CFB-6952-4ADE-BEC4-D2328913BECE}.Release|Win32.Deploy.0 = Release|Win32
		{29738CFB-6952-4ADE-BEC4-D2328913BECE}.Release|x64.ActiveCfg = Release|x64
		{29738CFB-6952-4ADE-BEC4-D2328913BECE}.Release|x64.Build.0 = Release|x64
		{29738CFB-6952-4ADE-BEC4-D2328913BECE}.Release|x64.Deploy.0 = Release|x64
		{29738CFB-6952-4ADE-BEC4-D2328913BECE}.Release|ARM64.ActiveCfg = Release|ARM64
		{29738CFB-6952-4ADE-BEC4-D2328913BECE}.Release|ARM64.Build.0 = Release|ARM64
		{29738CFB-6952-4ADE-BEC4-D2328913BECE}.Release|ARM64.Deploy.0 = Release|ARM64
		{7AA5801E-0D39-473F-9799-BFDC63A2231D}.Debug|Win32.ActiveCfg = Debug|Win32
		{7AA5801E-0D39-473F-9799-BFDC63A2231D}.Debug|Win32.Build.0 = Debug|Win32
		{7AA5801E-0D39-473F-9799-BFDC63A2231D}.Debug|Win32.Deploy.0 = Debug|Win32
		{7AA5801E-0D39-473F-9799-BFDC63A2231D}.Debug|x64.ActiveCfg = Debug|x64
		{7AA5801E-0D39-473F-9799-BFDC63A2231D}.Debug|x64.Build.0 = Debug|x64
		{7AA5801E-0D39-473F-9799-BFDC63A2231D}.Debug|x64.Deploy.0 = Debug|x64
		{7AA5801E-0D39-473F-9799-BFDC63A2231D}.Debug|ARM64.ActiveCfg = Debug|ARM64
		{7AA5801E-0D39-473F-9799-BFDC63A2231D}.Debug|ARM64.Build.0 = Debug|ARM64
		{7AA5801E-0D39-473F-9799-BFDC63A2231D}.Debug|ARM64.Deploy.0 = Debug|ARM64
		{7AA5801E-0D39-473F-9799-BFDC63A2231D}.Release|Win32.ActiveCfg = Release|Win32
		{7AA5801E-0D39-473F-9799-BFDC63A2231D}.Release|Win32.Build.0 = Release|Win32
		{7AA5801E-0D39-473F-9799-BFDC63A2231D}.Release|Win32.Deploy.0 = Release|Win32
		{7AA5801E-0D39-473F-9799-BFDC63A2231D}.Release|x64.ActiveCfg = Release|x64
		{7AA5801E-0D39-473F-9799-BFDC63A2231D}.Release|x64.Build.0 = Release|x64
		{7AA5801E-0D39-473F-9799-BFDC63A2231D}.Release|x64.Deploy.0 = Release|x64
		{7AA5801E-0D39-473F-9799-BFDC63A2231D}.Release|ARM64.ActiveCfg = Release|ARM64
		{7AA5801E-0D39-473F-9799-BFDC63A2231D}.Release|ARM64.Build.0 = Release|ARM64
		{7AA5801E-0D39-473F-9799-BFDC63A2231D}.Release|ARM64.Deploy.0 = Release|ARM64
		{A42D32ED-B20C-4EB1-9113-4D2F0E8B685B}.Debug|Win32.ActiveCfg = Debug|Win32
		{A42D32ED-B20C-4EB1-9113-4D2F0E8B685B}.Debug|Win32.Build.0 = Debug|Win32
		{A42D32ED-B20C-4EB1-9113-4D2F0E8B685B}.Debug|Win32.Deploy.0 = Debug|Win32
		{A42D32ED-B20C-4EB1-9113-4D2F0E8B685B}.Debug|x64.ActiveCfg = Debug|x64
		{A42D32ED-B20C-4EB1-9113-4D2F0E8B685B}.Debug|x64.Build.0 = Debug|x64
		{A42D32ED-B20C-4EB1-9113-4D2F0E8B685B}.Debug|x64.Deploy.0 = Debug|x64
		{A42D32ED-B20C-4EB1-9113-4D2F0E8B685B}.Debug|ARM64.ActiveCfg = Debug|ARM64
		{A42D32ED-B20C-4EB1-9113-4D2F0E8B685B}.Debug|ARM64.Build.0 = Debug|ARM64
		{A42D32ED-B20C-4EB1-9113-4D2F0E8B685B}.Debug|ARM64.Deploy.0 = Debug|ARM64
		{A42D32ED-B20C-4EB1-9113-4D2F0E8B685B}.Release|Win32.ActiveCfg = Release|Win32
		{A42D32ED-B20C-4EB1-9113-4D2F0E8B685B}.Release|Win32.Build.0 = Release|Win32
		{A42D32ED-B20C-4EB1-9113-4D2F0E8B685B}.Release|Win32.Deploy.0 = Release|Win32
		{A42D32ED-B20C-4EB1-9113-4D2F0E8B685B}.Release|x64.ActiveCfg = Release|x64
		{A42D32ED-B20C-4EB1-9113-4D2F0E8B685B}.Release|x64.Build.0 = Release|x64
		{A42D32ED-B20C-4EB1-9113-4D2F0E8B685B}.Release|x64.Deploy.0 = Release|x64
		{A42D32ED-B20C-4EB1-9113-4D2F0E8B685B}.Release|ARM64.ActiveCfg = Release|ARM64
		{A42D32ED-B20C-4EB1-9113-4D2F0E8B685B}.Release|ARM64.Build.0 = Release|ARM64
		{A42D32ED-B20C-4EB1-9113-4D2F0E8B685B}.Release|ARM64.Deploy.0 = Release|ARM64
		{1A0B0CA2-5015-4AD3-AC83-76D5BF002C33}.Debug|Win32.ActiveCfg = Debug|Win32
		{1A0B0CA2-5015-4AD3-AC83-76D5BF002C33}.Debug|Win32.Build.0 = Debug|Win32
		{1A0B0CA2-5015-4AD3-AC83-76D5BF002C33}.Debug|Win32.Deploy.0 = Debug|Win32
		{1A0B0CA2-5015-4AD3-AC83-76D5BF002C33}.Debug|x64.ActiveCfg = Debug|x64
		{1A0B0CA2-5015-4AD3-AC83-76D5BF002C33}.Debug|x64.Build.0 = Debug|x64
		{1A0B0CA2-5015-4AD3-AC83-76D5BF002C33}.Debug|x64.Deploy.0 = Debug|x64
		{1A0B0CA2-5015-4AD3-AC83-76D5BF002C33}.Debug|ARM64.ActiveCfg = Debug|ARM64
		{1A0B0CA2-5015-4AD3-AC83-76D5BF002C33}.Debug|ARM64.Build.0 = Debug|ARM64
		{1A0B0CA2-5015-4AD3-AC83-76D5BF002C33}.Debug|ARM64.Deploy.0 = Debug|ARM64
		{1A0B0CA2-5015-4AD3-AC83-76D5BF002C33}.Release|Win32.ActiveCfg = Release|Win32
		{1A0B0CA2-5015-4AD3-AC83-76D5BF002C33}.Release|Win32.Build.0 = Release|Win32
		{1A0B0CA2-5015-4AD3-AC83-76D5BF002C33}.Release|Win32.Deploy.0 = Release|Win32
		{1A0B0CA2-5015-4AD3-AC83-76D5BF002C33}.Release|x64.ActiveCfg = Release|x64
		{1A0B0CA2-5015-4AD3-AC83-76D5BF002C33}.Release|x64.Build.0 = Release|x64
		{1A0B0CA2-5015-4AD3-AC83-76D5BF002C33}.Release|x64.Deploy.0 = Release|x64
		{1A0B0CA2-5015-4AD3-AC83-76D5BF002C33}.Release|ARM64.ActiveCfg = Release|ARM64
		{1A0B0CA2-5015-4AD3-AC83-76D5BF002C33}.Release|ARM64.Build.0 = Release|ARM64
		{1A0B0CA2-5015-4AD3-AC83-76D5BF002C33}.Release|ARM64.Deploy.0 = Release|ARM64
		{6605F2F6-4152-4587-BD09-CF3B2AC9419E}.Debug|Win32.ActiveCfg = Debug|Win32
		{6605F2F6-4152-4587-BD09-CF3B2AC9419E}.Debug|Win32.Build.0 = Debug|Win32
		{6605F2F6-4152-4587-BD09-CF3B2AC9419E}.Debug|Win32.Deploy.0 = Debug|Win32
		{6605F2F6-4152-4587-BD09-CF3B2AC9419E}.Debug|x64.ActiveCfg = Debug|x64
		{6605F2F6-4152-4587-BD09-CF3B2AC9419E}.Debug|x64.Build.0 = Debug|x64
		{6605F2F6-4152-4587-BD09-CF3B2AC9419E}.Debug|x64.Deploy.0 = Debug|x64
		{6605F2F6-4152-4587-BD09-CF3B2AC9419E}.Debug|ARM64.ActiveCfg = Debug|ARM64
		{6605F2F6-4152-4587-BD09-CF3B2AC9419E}.Debug|ARM64.Build.0 = Debug|ARM64
		{6605F2F6-4152-4587-BD09-CF3B2AC9419E}.Debug|ARM64.Deploy.0 = Debug|ARM64
		{6605F2F6-4152-4587-BD09-CF3B2AC9419E}.Release|Win32.ActiveCfg = Release|Win32
		{6605F2F6-4152-4587-BD09-CF3B2AC9419E}.Release|Win32.Build.0 = Release|Win32
		{6605F2F6-4152-4587-BD09-CF3B2AC9419E}.Release|Win32.Deploy.0 = Release|Win32
		{6605F2F6-4152-4587-BD09-CF3B2AC9419E}.Release|x64.ActiveCfg = Release|x64
		{6605F2F6-4152-4587-BD09-CF3B2AC9419E}.Release|x64.Build.0 = Release|x64
		{6605F2F6-4152-4587-BD09-CF3B2AC9419E}.Release|x64.Deploy.0 = Release|x64
		{6605F2F6-4152-4587-BD09-CF3B2AC9419E}.Release|ARM64.ActiveCfg = Release|ARM64
		{6605F2F6-4152-4587-BD09-CF3B2AC9419E}.Release|ARM64.Build.0 = Release|ARM64
		{6605F2F6-4152-4587-BD09-CF3B2AC9419E}.Release|ARM64.Deploy.0 = Release|ARM64
		{D3EEFE57-CEBD-438A-B7F4-254265AF4576}.Debug|Win32.ActiveCfg = Debug|Win32
		{D3EEFE57-CEBD-438A-B7F4-254265AF4576}.Debug|Win32.Build.0 = Debug|Win32
		{D3EEFE57-CEBD-438A-B7F4-254265AF4576}.Debug|Win32.Deploy.0 = Debug|Win32
		{D3EEFE57-CEBD-438A-B7F4-254265AF4576}.Debug|x64.ActiveCfg = Debug|x64
		{D3EEFE57-CEBD-438A-B7F4-254265AF4576}.Debug|x64.Build.0 = Debug|x64
		{D3EEFE57-CEBD-438A-B7F4-254265AF4576}.Debug|x64.Deploy.0 = Debug|x64
		{D3EEFE57-CEBD-438A-B7F4-254265AF4576}.Debug|ARM64.ActiveCfg = Debug|ARM64
		{D3EEFE57-CEBD-438A-B7F4-254265AF4576}.Debug|ARM64.Build.0 = Debug|ARM64
		{D3EEFE57-CEBD-438A-B7F4-254265AF4576}.Debug|ARM64.Deploy.0 = Debug|ARM64
		{D3EEFE57-CEBD-438A-B7F4-254265AF4576}.Release|Win32.ActiveCfg = Release|Win32
		{D3EEFE57-CEBD-438A-B7F4-254265AF4576}.Release|Win32.Build.0 = Release|Win32
		{D3EEFE57-CEBD-438A-B7F4-254265AF4576}.Release|Win32.Deploy.0 = Release|Win32
		{D3EEFE57-CEBD-438A-B7F4-254265AF4576}.Release|x64.ActiveCfg = Release|x64
		{D3EEFE57-CEBD-438A-B7F4-254265AF4576}.Release|x64.Build.0 = Release|x64
		{D3EEFE57-CEBD-438A-B7F4-254265AF4576}.Release|x64.Deploy.0 = Release|x64
		{D3EEFE57-CEBD-438A-B7F4-254265AF4576}.Release|ARM64.ActiveCfg = Release|ARM64
		{D3EEFE57-CEBD-438A-B7F4-254265AF4576}.Release|ARM64.Build.0 = Release|ARM64
		{D3EEFE57-CEBD-438A-B7F4-254265AF4576}.Release|ARM64.Deploy.0 = Release|ARM64
		{1A8BF828-FEAB-4EC2-A730-0B9E721EB4CC}.Debug|Win32.ActiveCfg = Debug|Win32
		{1A8BF828-FEAB-4EC2-A730-0B9E721EB4CC}.Debug|Win32.Build.0 = Debug|Win32
		{1A8BF828-FEAB-4EC2-A730-0B9E721EB4CC}.Debug|Win32.Deploy.0 = Debug|Win32
		{1A8BF828-FEAB-4EC2-A730-0B9E721EB4CC}.Debug|x64.ActiveCfg = Debug|x64
		{1A8BF828-FEAB-4EC2-A730-0B9E721EB4CC}.Debug|x64.Build.0 = Debug|x64
		{1A8BF828-FEAB-4EC2-A730-0B9E721EB4CC}.Debug|x64.Deploy.0 = Debug|x64
		{1A8BF828-FEAB-4EC2-A730-0B9E721EB4CC}.Debug|ARM64.ActiveCfg = Debug|ARM64
		{1A8BF828-FEAB-4EC2-A730-0B9E721EB4CC}.Debug|ARM64.Build.0 = Debug|ARM64
		{1A8BF828-FEAB-4EC2-A730-0B9E721EB4CC}.Debug|ARM64.Deploy.0 = Debug|ARM64
		{1A8BF828-FEAB-4EC2-A730-0B9E721EB4CC}.Release|Win32.ActiveCfg = Release|Win32
		{1A8BF828-FEAB-4EC2-A730-0B9E721EB4CC}.Release|Win32.Build.0 = Release|Win32
		{1A8BF828-FEAB-4EC2-A730-0B9E721EB4CC}.Release|Win32.Deploy.0 = Release|Win32
		{1A8BF828-FEAB-4EC2-A730-0B9E721EB4CC}.Release|x64.ActiveCfg = Release|x64
		{1A8BF828-FEAB-4EC2-A730-0B9E721EB4CC}.Release|x64.Build.0 = Release|x64
		{1A8BF828-FEAB-4EC2-A730-0B9E721EB4CC}.Release|x64.Deploy.0 = Release|x64
		{1A8BF828-FEAB-4EC2-A730-0B9E721EB4CC}.Release|ARM64.ActiveCfg = Release|ARM64
		{1A8BF828-FEAB-4EC2-A730-0B9E721EB4CC}.Release|ARM64.Build.0 = Release|ARM64
		{1A8BF828-FEAB-4EC2-A730-0B9E721EB4CC}.Release|ARM64.Deploy.0 = Release|ARM64
		{36E9DAD7-7961-419E-A51B-8E1FFFE9E313}.Debug|Win32.ActiveCfg = Debug|Win32
		{36E9DAD7-7961-419E-A51B-8E1FFFE9E313}.Debug|Win32.Build.0 = Debug|Win32
		{36E9DAD7-7961-419E-A51B-8E1FFFE9E313}.Debug|Win32.Deploy.0 = Debug|Win32
		{36E9DAD7-7961-419E-A51B-8E1FFFE9E313}.Debug|x64.ActiveCfg = Debug|x64
		{36E9DAD7-7961-419E-A51B-8E1FFFE9E313}.Debug|x64.Build.0 = Debug|x64
		{36E9DAD7-7961-419E-A51B-8E1FFFE9E313}.Debug|x64.Deploy.0 = Debug|x64
		{36E9DAD7-7961-419E-A51B-8E1FFFE9E313}.Debug|ARM64.ActiveCfg = Debug|ARM64
		{36E9DAD7-7961-419E-A51B-8E1FFFE9E313}.Debug|ARM64.Build.0 = Debug|ARM64
		{36E9DAD7-7961-419E-A51B-8E1FFFE9E313}.Debug|ARM64.Deploy.0 = Debug|ARM64
		{36E9DAD7-7961-419E-A51B-8E1FFFE9E313}.Release|Win32.ActiveCfg = Release|Win32
		{36E9DAD7-7961-419E-A51B-8E1FFFE9E313}.Release|Win32.Build.0 = Release|Win32
		{36E9DAD7-7961-419E-A51B-8E1FFFE9E313}.Release|Win32.Deploy.0 = Release|Win32
		{36E9DAD7-7961-419E-A51B-8E1FFFE9E313}.Release|x64.ActiveCfg = Release|x64
		{36E9DAD7-7961-419E-A51B-8E1FFFE9E313}.Release|x64.Build.0 = Release|x64
		{36E9DAD7-7961-419E-A51B-8E1FFFE9E313}.Release|x64.Deploy.0 = Release|x64
		{36E9DAD7-7961-419E-A51B-8E1FFFE9E313}.Release|ARM64.ActiveCfg = Release|ARM64
		{36E9DAD7-7961-419E-A51B-8E1FFFE9E313}.Release|ARM64.Build.0 = Release|ARM64
		{36E9DAD7-7961-419E-A51B-8E1FFFE9E313}.Release|ARM64.Deploy.0 = Release|ARM64
		{4435ECA6-EAF9-41BB-87AF-AB1941B0FFB7}.Debug|Win32.ActiveCfg = Debug|Win32
		{4435ECA6-EAF9-41BB-87AF-AB1941B0FFB7}.Debug|Win32.Build.0 = Debug|Win32
		{4435ECA6-EAF9-41BB-87AF-AB1941B0FFB7}.Debug|Win32.Deploy.0 = Debug|Win32
		{4435ECA6-EAF9-41BB-87AF-AB1941B0FFB7}.Debug|x64.ActiveCfg = Debug|x64
		{4435ECA6-EAF9-41BB-87AF-AB1941B0FFB7}.Debug|x64.Build.0 = Debug|x64
		{4435ECA6-EAF9-41BB-87AF-AB1941B0FFB7}.Debug|x64.Deploy.0 = Debug|x64
		{4435ECA6-EAF9-41BB-87AF-AB1941B0FFB7}.Debug|ARM64.ActiveCfg = Debug|ARM64
		{4435ECA6-EAF9-41BB-87AF-AB1941B0FFB7}.Debug|ARM64.Build.0 = Debug|ARM64
		{4435ECA6-EAF9-41BB-87AF-AB1941B0FFB7}.Debug|ARM64.Deploy.0 = Debug|ARM64
		{4435ECA6-EAF9-41BB-87AF-AB1941B0FFB7}.Release|Win32.ActiveCfg = Release|Win32
		{4435ECA6-EAF9-41BB-87AF-AB1941B0FFB7}.Release|Win32.Build.0 = Release|Win32
		{4435ECA6-EAF9-41BB-87AF-AB1941B0FFB7}.Release|Win32.Deploy.0 = Release|Win32
		{4435ECA6-EAF9-41BB-87AF-AB1941B0FFB7}.Release|x64.ActiveCfg = Release|x64
		{4435ECA6-EAF9-41BB-87AF-AB1941B0FFB7}.Release|x64.Build.0 = Release|x64
		{4435ECA6-EAF9-41BB-87AF-AB1941B0FFB7}.Release|x64.Deploy.0 = Release|x64
		{4435ECA6-EAF9-41BB-87AF-AB1941B0FFB7}.Release|ARM64.ActiveCfg = Release|ARM64
		{4435ECA6-EAF9-41BB-87AF-AB1941B0FFB7}.Release|ARM64.Build.0 = Release|ARM64
		{4435ECA6-EAF9-41BB-87AF-AB1941B0FFB7}.Release|ARM64.Deploy.0 = Release|ARM64
		{080AD94A-E1BF-441F-BA95-3A90A0FF2512}.Debug|Win32.ActiveCfg = Debug|Win32
		{080AD94A-E1BF-441F-BA95-3A90A0FF2512}.Debug|Win32.Build.0 = Debug|Win32
		{080AD94A-E1BF-441F-BA95-3A90A0FF2512}.Debug|Win32.Deploy.0 = Debug|Win32
		{080AD94A-E1BF-441F-BA95-3A90A0FF2512}.Debug|x64.ActiveCfg = Debug|x64
		{080AD94A-E1BF-441F-BA95-3A90A0FF2512}.Debug|x64.Build.0 = Debug|x64
		{080AD94A-E1BF-441F-BA95-3A90A0FF2512}.Debug|x64.Deploy.0 = Debug|x64
		{080AD94A-E1BF-441F-BA95-3A90A0FF2512}.Debug|ARM64.ActiveCfg = Debug|ARM64
		{080AD94A-E1BF-441F-BA95-3A90A0FF2512}.Debug|ARM64.Build.0 = Debug|ARM64
		{080AD94A-E1BF-441F-BA95-3A90A0FF2512}.Debug|ARM64.Deploy.0 = Debug|ARM64
		{080AD94A-E1BF-441F-BA95-3A90A0FF2512}.Release|Win32.ActiveCfg = Release|Win32
		{080AD94A-E1BF-441F-BA95-3A90A0FF2512}.Release|Win32.Build.0 = Release|Win32
		{080AD94A-E1BF-441F-BA95-3A90A0FF2512}.Release|Win32.Deploy.0 = Release|Win32
		{080AD94A-E1BF-441F-BA95-3A90A0FF2512}.Release|x64.ActiveCfg = Release|x64
		{080AD94A-E1BF-441F-BA95-3A90A0FF2512}.Release|x64.Build.0 = Release|x64
		{080AD94A-E1BF-441F-BA95-3A90A0FF2512}.Release|x64.Deploy.0 = Release|x64
		{080AD94A-E1BF-441F-BA95-3A90A0FF2512}.Release|ARM64.ActiveCfg = Release|ARM64
		{080AD94A-E1BF-441F-BA95-3A90A0FF2512}.Release|ARM64.Build.0 = Release|ARM64
		{080AD94A-E1BF-441F-BA95-3A90A0FF2512}.Release|ARM64.Deploy.0 = Release|ARM64
		{922DE141-7DF2-4611-802E-79F7FE972292}.Debug|Win32.ActiveCfg = Debug|Win32
		{922DE141-7DF2-4611-802E-79F7FE972292}.Debug|Win32.Build.0 = Debug|Win32
		{922DE141-7DF2-4611-802E-79F7FE972292}.Debug|Win32.Deploy.0 = Debug|Win32
		{922DE141-7DF2-4611-802E-79F7FE972292}.Debug|x64.ActiveCfg = Debug|x64
		{922DE141-7DF2-4611-802E-79F7FE972292}.Debug|x64.Build.0 = Debug|x64
		{922DE141-7DF2-4611-802E-79F7FE972292}.Debug|x64.Deploy.0 = Debug|x64
		{922DE141-7DF2-4611-802E-79F7FE972292}.Debug|ARM64.ActiveCfg = Debug|ARM64
		{922DE141-7DF2-4611-802E-79F7FE972292}.Debug|ARM64.Build.0 = Debug|ARM64
		{922DE141-7DF2-4611-802E-79F7FE972292}.Debug|ARM64.Deploy.0 = Debug|ARM64
		{922DE141-7DF2-4611-802E-79F7FE972292}.Release|Win32.ActiveCfg = Release|Win32
		{922DE141-7DF2-4611-802E-79F7FE972292}.Release|Win32.Build.0 = Release|Win32
		{922DE141-7DF2-4611-802E-79F7FE972292}.Release|Win32.Deploy.0 = Release|Win32
		{922DE141-7DF2-4611-802E-79F7FE972292}.Release|x64.ActiveCfg = Release|x64
		{922DE141-7DF2-4611-802E-79F7FE972292}.Release|x64.Build.0 = Release|x64
		{922DE141-7DF2-4611-802E-79F7FE972292}.Release|x64.Deploy.0 = Release|x64
		{922DE141-7DF2-4611-802E-79F7FE972292}.Release|ARM64.ActiveCfg = Release|ARM64
		{922DE141-7DF2-4611-802E-79F7FE972292}.Release|ARM64.Build.0 = Release|ARM64
		{922DE141-7DF2-4611-802E-79F7FE972292}.Release|ARM64.Deploy.0 = Release|ARM64
		{CFEEB03C-FB69-4169-8C3A-26E050D5D8EA}.Debug|Win32.ActiveCfg = Debug|Win32
		{CFEEB03C-FB69-4169-8C3A-26E050D5D8EA}.Debug|Win32.Build.0 = Debug|Win32
		{CFEEB03C-FB69-4169-8C3A-26E050D5D8EA}.Debug|Win32.Deploy.0 = Debug|Win32
		{CFEEB03C-FB69-4169-8C3A-26E050D5D8EA}.Debug|x64.ActiveCfg = Debug|x64
		{CFEEB03C-FB69-4169-8C3A-26E050D5D8EA}.Debug|x64.Build.0 = Debug|x64
		{CFEEB03C-FB69-4169-8C3A-26E050D5D8EA}.Debug|x64.Deploy.0 = Debug|x64
		{CFEEB03C-FB69-4169-8C3A-26E050D5D8EA}.Debug|ARM64.ActiveCfg = Debug|ARM64
		{CFEEB03C-FB69-4169-8C3A-26E050D5D8EA}.Debug|ARM64.Build.0 = Debug|ARM64
		{CFEEB03C-FB69-4169-8C3A-26E050D5D8EA}.Debug|ARM64.Deploy.0 = Debug|ARM64
		{CFEEB03C-FB69-4169-8C3A-26E050D5D8EA}.Release|Win32.ActiveCfg = Release|Win32
		{CFEEB03C-FB69-4169-8C3A-26E050D5D8EA}.Release|Win32.Build.0 = Release|Win32
		{CFEEB03C-FB69-4169-8C3A-26E050D5D8EA}.Release|Win32.Deploy.0 = Release|Win32
		{CFEEB03C-FB69-4169-8C3A-26E050D5D8EA}.Release|x64.ActiveCfg = Release|x64
		{CFEEB03C-FB69-4169-8C3A-26E050D5D8EA}.Release|x64.Build.0 = Release|x64
		{CFEEB03C-FB69-4169-8C3A-26E050D5D8EA}.Release|x64.Deploy.0 = Release|x64
		{CFEEB03C-FB69-4169-8C3A-26E050D5D8EA}.Release|ARM64.ActiveCfg = Release|ARM64
		{CFEEB03C-FB69-4169-8C3A-26E050D5D8EA}.Release|ARM64.Build.0 = Release|ARM64
		{CFEEB03C-FB69-4169-8C3A-26E050D5D8EA}.Release|ARM64.Deploy.0 = Release|ARM64
		{1DE8F9EE-F536-459C-9E04-387AE29E83D4}.Debug|Win32.ActiveCfg = Debug|Win32
		{1DE8F9EE-F536-459C-9E04-387AE29E83D4}.Debug|Win32.Build.0 = Debug|Win32
		{1DE8F9EE-F536-459C-9E04-387AE29E83D4}.Debug|Win32.Deploy.0 = Debug|Win32
		{1DE8F9EE-F536-459C-9E04-387AE29E83D4}.Debug|x64.ActiveCfg = Debug|x64
		{1DE8F9EE-F536-459C-9E04-387AE29E83D4}.Debug|x64.Build.0 = Debug|x64
		{1DE8F9EE-F536-459C-9E04-387AE29E83D4}.Debug|x64.Deploy.0 = Debug|x64
		{1DE8F9EE-F536-459C-9E04-387AE29E83D4}.Debug|ARM64.ActiveCfg = Debug|ARM64
		{1DE8F9EE-F536-459C-9E04-387AE29E83D4}.Debug|ARM64.Build.0 = Debug|ARM64
		{1DE8F9EE-F536-459C-9E04-387AE29E83D4}.Debug|ARM64.Deploy.0 = Debug|ARM64
		{1DE8F9EE-F536-459C-9E04-387AE29E83D4}.Release|Win32.ActiveCfg = Release|Win32
		{1DE8F9EE-F536-459C-9E04-387AE29E83D4}.Release|Win32.Build.0 = Release|Win32
		{1DE8F9EE-F536-459C-9E04-387AE29E83D4}.Release|Win32.Deploy.0 = Release|Win32
		{1DE8F9EE-F536-459C-9E04-387AE29E83D4}.Release|x64.ActiveCfg = Release|x64
		{1DE8F9EE-F536-459C-9E04-387AE29E83D4}.Release|x64.Build.0 = Release|x64
		{1DE8F9EE-F536-459C-9E04-387AE29E83D4}.Release|x64.Deploy.0 = Release|x64
		{1DE8F9EE-F536-459C-9E04-387AE29E83D4}.Release|ARM64.ActiveCfg = Release|ARM64
		{1DE8F9EE-F536-459C-9E04-387AE29E83D4}.Release|ARM64.Build.0 = Release|ARM64
		{1DE8F9EE-F536-459C-9E04-387AE29E83D4}.Release|ARM64.Deploy.0 = Release|ARM64
		{6243DC08-3B69-42D0-966B-A2AA923D96D8}.Debug|Win32.ActiveCfg = Debug|Win32
		{6243DC08-3B69-42D0-966B-A2AA923D96D8}.Debug|Win32.Build.0 = Debug|Win32
		{6243DC08-3B69-42D0-966B-A2AA923D96D8}.Debug|Win32.Deploy.0 = Debug|Win32
		{6243DC08-3B69-42D0-966B-A2AA923D96D8}.Debug|x64.ActiveCfg = Debug|x64
		{6243DC08-3B69-42D0-966B-A2AA923D96D8}.Debug|x64.Build.0 = Debug|x64
		{6243DC08-3B69-42D0-966B-A2AA923D96D8}.Debug|x64.Deploy.0 = Debug|x64
		{6243DC08-3B69-42D0-966B-A2AA923D96D8}.Debug|ARM64.ActiveCfg = Debug|ARM64
		{6243DC08-3B69-42D0-966B-A2AA923D96D8}.Debug|ARM64.Build.0 = Debug|ARM64
		{6243DC08-3B69-42D0-966B-A2AA923D96D8}.Debug|ARM64.Deploy.0 = Debug|ARM64
		{6243DC08-3B69-42D0-966B-A2AA923D96D8}.Release|Win32.ActiveCfg = Release|Win32
		{6243DC08-3B69-42D0-966B-A2AA923D96D8}.Release|Win32.Build.0 = Release|Win32
		{6243DC08-3B69-42D0-966B-A2AA923D96D8}.Release|Win32.Deploy.0 = Release|Win32
		{6243DC08-3B69-42D0-966B-A2AA923D96D8}.Release|x64.ActiveCfg = Release|x64
		{6243DC08-3B69-42D0-966B-A2AA923D96D8}.Release|x64.Build.0 = Release|x64
		{6243DC08-3B69-42D0-966B-A2AA923D96D8}.Release|x64.Deploy.0 = Release|x64
		{6243DC08-3B69-42D0-966B-A2AA923D96D8}.Release|ARM64.ActiveCfg = Release|ARM64
		{6243DC08-3B69-42D0-966B-A2AA923D96D8}.Release|ARM64.Build.0 = Release|ARM64
		{6243DC08-3B69-42D0-966B-A2AA923D96D8}.Release|ARM64.Deploy.0 = Release|ARM64
		{0883B39B-6F8A-4C64-AF76-45ED6E6947F8}.Debug|Win32.ActiveCfg = Debug|Win32
		{0883B39B-6F8A-4C64-AF76-45ED6E6947F8}.Debug|Win32.Build.0 = Debug|Win32
		{0883B39B-6F8A-4C64-AF76-45ED6E6947F8}.Debug|Win32.Deploy.0 = Debug|Win32
		{0883B39B-6F8A-4C64-AF76-45ED6E6947F8}.Debug|x64.ActiveCfg = Debug|x64
		{0883B39B-6F8A-4C64-AF76-45ED6E6947F8}.Debug|x64.Build.0 = Debug|x64
		{0883B39B-6F8A-4C64-AF76-45ED6E6947F8}.Debug|x64.Deploy.0 = Debug|x64
		{0883B39B-6F8A-4C64-AF76-45ED6E6947F8}.Debug|ARM64.ActiveCfg = Debug|ARM64
		{0883B39B-6F8A-4C64-AF76-45ED6E6947F8}.Debug|ARM64.Build.0 = Debug|ARM64
		{0883B39B-6F8A-4C64-AF76-45ED6E6947F8}.Debug|ARM64.Deploy.0 = Debug|ARM64
		{0883B39B-6F8A-4C64-AF76-45ED6E6947F8}.Release|Win32.ActiveCfg = Release|Win32
		{0883B39B-6F8A-4C64-AF76-45ED6E6947F8}.Release|Win32.Build.0 = Release|Win32
		{0883B39B-6F8A-4C64-AF76-45ED6E6947F8}.Release|Win32.Deploy.0 = Release|Win32
		{0883B39B-6F8A-4C64-AF76-45ED6E6947F8}.Release|x64.ActiveCfg = Release|x64
		{0883B39B-6F8A-4C64-AF76-45ED6E6947F8}.Release|x64.Build.0 = Release|x64
		{0883B39B-6F8A-4C64-AF76-45ED6E6947F8}.Release|x64.Deploy.0 = Release|x64
		{0883B39B-6F8A-4C64-AF76-45ED6E6947F8}.Release|ARM64.ActiveCfg = Release|ARM64
		{0883B39B-6F8A-4C64-AF76-45ED6E6947F8}.Release|ARM64.Build.0 = Release|ARM64
		{0883B39B-6F8A-4C64-AF76-45ED6E6947F8}.Release|ARM64.Deploy.0 = Release|ARM64
		{2F88D350-F9F6-4E16-B615-57A8498030C2}.Debug|Win32.ActiveCfg = Debug|Win32
		{2F88D350-F9F6-4E16-B615-57A8498030C2}.Debug|Win32.Build.0 = Debug|Win32
		{2F88D350-F9F6-4E16-B615-57A8498030C2}.Debug|Win32.Deploy.0 = Debug|Win32
		{2F88D350-F9F6-4E16-B615-57A8498030C2}.Debug|x64.ActiveCfg = Debug|x64
		{2F88D350-F9F6-4E16-B615-57A8498030C2}.Debug|x64.Build.0 = Debug|x64
		{2F88D350-F9F6-4E16-B615-57A8498030C2}.Debug|x64.Deploy.0 = Debug|x64
		{2F88D350-F9F6-4E16-B615-57A8498030C2}.Debug|ARM64.ActiveCfg = Debug|ARM64
		{2F88D350-F9F6-4E16-B615-57A8498030C2}.Debug|ARM64.Build.0 = Debug|ARM64
		{2F88D350-F9F6-4E16-B615-57A8498030C2}.Debug|ARM64.Deploy.0 = Debug|ARM64
		{2F88D350-F9F6-4E16-B615-57A8498030C2}.Release|Win32.ActiveCfg = Release|Win32
		{2F88D350-F9F6-4E16-B615-57A8498030C2}.Release|Win32.Build.0 = Release|Win32
		{2F88D350-F9F6-4E16-B615-57A8498030C2}.Release|Win32.Deploy.0 = Release|Win32
		{2F88D350-F9F6-4E16-B615-57A8498030C2}.Release|x64.ActiveCfg = Release|x64
		{2F88D350-F9F6-4E16-B615-57A8498030C2}.Release|x64.Build.0 = Release|x64
		{2F88D350-F9F6-4E16-B615-57A8498030C2}.Release|x64.Deploy.0 = Release|x64
		{2F88D350-F9F6-4E16-B615-57A8498030C2}.Release|ARM64.ActiveCfg = Release|ARM64
		{2F88D350-F9F6-4E16-B615-57A8498030C2}.Release|ARM64.Build.0 = Release|ARM64
		{2F88D350-F9F6-4E16-B615-57A8498030C2}.Release|ARM64.Deploy.0 = Release|ARM64
	EndGlobalSection
	GlobalSection(SolutionProperties) = preSolution
		HideSolutionNode = FALSE
	EndGlobalSection
EndGlobal
